{
  "version": 4,
  "terraform_version": "0.14.11",
  "serial": 55,
  "lineage": "13dcb2da-ebf5-31c1-45d0-87a18556cff7",
  "outputs": {},
  "resources": [
    {
      "mode": "data",
      "type": "aws_availability_zones",
      "name": "azs",
      "provider": "provider[\"registry.terraform.io/hashicorp/aws\"]",
      "instances": [
        {
          "schema_version": 0,
          "attributes": {
            "all_availability_zones": null,
            "exclude_names": null,
            "exclude_zone_ids": null,
            "filter": null,
            "group_names": [
              "us-east-1"
            ],
            "id": "us-east-1",
            "names": [
              "us-east-1a",
              "us-east-1b",
              "us-east-1c",
              "us-east-1d",
              "us-east-1e",
              "us-east-1f"
            ],
            "state": null,
            "zone_ids": [
              "use1-az1",
              "use1-az2",
              "use1-az4",
              "use1-az6",
              "use1-az3",
              "use1-az5"
            ]
          },
          "sensitive_attributes": []
        }
      ]
    },
    {
      "mode": "data",
      "type": "aws_eks_cluster",
      "name": "myapp-cluster",
      "provider": "provider[\"registry.terraform.io/hashicorp/aws\"]",
      "instances": [
        {
          "schema_version": 0,
          "attributes": {
            "arn": "arn:aws:eks:us-east-1:129432529795:cluster/myapp-eks-cluster",
            "certificate_authority": [
              {
                "data": "LS0tLS1CRUdJTiBDRVJUSUZJQ0FURS0tLS0tCk1JSUN5RENDQWJDZ0F3SUJBZ0lCQURBTkJna3Foa2lHOXcwQkFRc0ZBREFWTVJNd0VRWURWUVFERXdwcmRXSmwKY201bGRHVnpNQjRYRFRJeE1EY3pNREl3TkRJeE1sb1hEVE14TURjeU9ESXdOREl4TWxvd0ZURVRNQkVHQTFVRQpBeE1LYTNWaVpYSnVaWFJsY3pDQ0FTSXdEUVlKS29aSWh2Y05BUUVCQlFBRGdnRVBBRENDQVFvQ2dnRUJBS05FCkxyUThhSlo5S3BXWUwwdWZZcHdnZGxWaWQvSmpWditWbHFxcHVUVVd4QVdhUW15QkhmUSsvUnR0SjgwcmwvaHIKMmpKcmxzcGExVmFlaHV2SlBGV2NKSGNna3FRUTh2dmJJdmU4S3NzaUQwa2hSQStqWDRQMmRGUFlXc1RrdGIwdwpvQmFiZ1ZaRy9EaHpYNkdvdEdPbFRxakhqc2xIa2FRQkxhMkpNZkpnTE9LZSsvMHFyTEhzTGRwSmZyNXJTTkhNCjRwZ3RBNEpGNkFZNkZhSkszWFU3ek5SR3pJVkVlaEFnMW5SL0RRamZidVJBOVRjaVVUVXV3M3hnVTBPRTVMOHMKWjE3NFc1YnIyK2xPNmVINUJScEdKOWZzR21SdEk1Q0c0OG9KU0IweWIra25MRzhsMlBRY05JNWNzT3ZCWTcxRwo0Y01HenB6d2pBZUYvaVEzWVJVQ0F3RUFBYU1qTUNFd0RnWURWUjBQQVFIL0JBUURBZ0trTUE4R0ExVWRFd0VCCi93UUZNQU1CQWY4d0RRWUpLb1pJaHZjTkFRRUxCUUFEZ2dFQkFDbWdEY0pOQVpROGo4MmVubVZRaE1kSTlFbW0KSDdBUlBtQzlkdkVFSnRSZVc1Y2trSVVzWWFqc2pMdk82a2ZZMC90VFZtYWhDejlRYVhDK3Q4Z2YrT3lBeEttNgpROVFzeFdtZTluNm5sd2lmTEFqVnZKRWFsZ3J3OGVpcnlIUm9UcFVVRG5HVHFOQ0lvUzlGSThPLzUxZWt3OEdIClBFWDNSckRFVHJBd21Ma29CTGoxaTl6eVB6ai82MmxpOE1nYUZnQklkUFpZTFQrNFhSK2tuWmNkSFJ5aVZtTEsKNGNpWVdPOTB3OXhCUkpydXl5a29xcUFiMjJ5bkc4T0pUU3o4VnAzZWhhYXNrSzd6UGJsK1FwS3Q2aWRzRWVzUApPSVBkRExuVlpMQUsxblhqb0RiVXAyQklJRWtOVTRqUkNRQ0NZUTJUc0VHWElwd0JPejdTUStpTjY5VT0KLS0tLS1FTkQgQ0VSVElGSUNBVEUtLS0tLQo="
              }
            ],
            "created_at": "2021-07-30 20:36:35.196 +0000 UTC",
            "enabled_cluster_log_types": [],
            "endpoint": "https://24CB1BD6AEC6DE63D0C27CBA743FDC8B.gr7.us-east-1.eks.amazonaws.com",
            "id": "myapp-eks-cluster",
            "identity": [
              {
                "oidc": [
                  {
                    "issuer": "https://oidc.eks.us-east-1.amazonaws.com/id/24CB1BD6AEC6DE63D0C27CBA743FDC8B"
                  }
                ]
              }
            ],
            "kubernetes_network_config": [
              {
                "service_ipv4_cidr": "172.20.0.0/16"
              }
            ],
            "name": "myapp-eks-cluster",
            "platform_version": "eks.8",
            "role_arn": "arn:aws:iam::129432529795:role/myapp-eks-cluster20210730203610179900000002",
            "status": "ACTIVE",
            "tags": {
              "application": "myapp",
              "environment": "dev"
            },
            "version": "1.17",
            "vpc_config": [
              {
                "cluster_security_group_id": "sg-0940e3de6f1f016e2",
                "endpoint_private_access": false,
                "endpoint_public_access": true,
                "public_access_cidrs": [
                  "0.0.0.0/0"
                ],
                "security_group_ids": [
                  "sg-0c1f54a17ef469fc1"
                ],
                "subnet_ids": [
                  "subnet-00231a6c9bdfeb2f6",
                  "subnet-038bcb34f085f366d",
                  "subnet-0f9e01cf7d34f5bf3"
                ],
                "vpc_id": "vpc-042d9d8169115d20f"
              }
            ]
          },
          "sensitive_attributes": []
        }
      ]
    },
    {
      "mode": "data",
      "type": "aws_eks_cluster_auth",
      "name": "myapp-cluster",
      "provider": "provider[\"registry.terraform.io/hashicorp/aws\"]",
      "instances": [
        {
          "schema_version": 0,
          "attributes": {
            "id": "myapp-eks-cluster",
            "name": "myapp-eks-cluster",
            "token": "k8s-aws-v1.aHR0cHM6Ly9zdHMuYW1hem9uYXdzLmNvbS8_QWN0aW9uPUdldENhbGxlcklkZW50aXR5JlZlcnNpb249MjAxMS0wNi0xNSZYLUFtei1BbGdvcml0aG09QVdTNC1ITUFDLVNIQTI1NiZYLUFtei1DcmVkZW50aWFsPUFLSUFSNElXSFZPQjVIV0lTVU1TJTJGMjAyMTA3MzAlMkZ1cy1lYXN0LTElMkZzdHMlMkZhd3M0X3JlcXVlc3QmWC1BbXotRGF0ZT0yMDIxMDczMFQyMDQ2MTJaJlgtQW16LUV4cGlyZXM9MCZYLUFtei1TaWduZWRIZWFkZXJzPWhvc3QlM0J4LWs4cy1hd3MtaWQmWC1BbXotU2lnbmF0dXJlPWI3NjFkNWY5ZWZlNmVlZTc5YjBkYWYzYjllZGI4MjQ4NmVmODQ4YjQ5ZTVmZTFkOWRmZWRmZmRjOTkwNTI0ZGU"
          },
          "sensitive_attributes": []
        }
      ]
    },
    {
      "module": "module.eks",
      "mode": "data",
      "type": "aws_ami",
      "name": "eks_worker",
      "provider": "provider[\"registry.terraform.io/hashicorp/aws\"]",
      "instances": [
        {
          "schema_version": 0,
          "attributes": {
            "architecture": "x86_64",
            "arn": "arn:aws:ec2:us-east-1::image/ami-052de3b05836e56bd",
            "block_device_mappings": [
              {
                "device_name": "/dev/xvda",
                "ebs": {
                  "delete_on_termination": "true",
                  "encrypted": "false",
                  "iops": "0",
                  "snapshot_id": "snap-042bb65551d05f51a",
                  "throughput": "0",
                  "volume_size": "20",
                  "volume_type": "gp2"
                },
                "no_device": "",
                "virtual_name": ""
              }
            ],
            "creation_date": "2021-07-22T21:25:55.000Z",
            "description": "EKS Kubernetes Worker AMI with AmazonLinux2 image, (k8s: 1.17.12, docker: 19.03.13ce-1.amzn2, containerd: 1.4.6-2.amzn2)",
            "ena_support": true,
            "executable_users": null,
            "filter": [
              {
                "name": "name",
                "values": [
                  "amazon-eks-node-1.17-v*"
                ]
              }
            ],
            "hypervisor": "xen",
            "id": "ami-052de3b05836e56bd",
            "image_id": "ami-052de3b05836e56bd",
            "image_location": "amazon/amazon-eks-node-1.17-v20210722",
            "image_owner_alias": "amazon",
            "image_type": "machine",
            "kernel_id": null,
            "most_recent": true,
            "name": "amazon-eks-node-1.17-v20210722",
            "name_regex": null,
            "owner_id": "602401143452",
            "owners": [
              "amazon"
            ],
            "platform": null,
            "platform_details": "Linux/UNIX",
            "product_codes": [],
            "public": true,
            "ramdisk_id": null,
            "root_device_name": "/dev/xvda",
            "root_device_type": "ebs",
            "root_snapshot_id": "snap-042bb65551d05f51a",
            "sriov_net_support": "simple",
            "state": "available",
            "state_reason": {
              "code": "UNSET",
              "message": "UNSET"
            },
            "tags": {},
            "usage_operation": "RunInstances",
            "virtualization_type": "hvm"
          },
          "sensitive_attributes": []
        }
      ]
    },
    {
      "module": "module.eks",
      "mode": "data",
      "type": "aws_ami",
      "name": "eks_worker_windows",
      "provider": "provider[\"registry.terraform.io/hashicorp/aws\"]",
      "instances": [
        {
          "schema_version": 0,
          "attributes": {
            "architecture": "x86_64",
            "arn": "arn:aws:ec2:us-east-1::image/ami-0c5ebb6eda6ea4c82",
            "block_device_mappings": [
              {
                "device_name": "/dev/sda1",
                "ebs": {
                  "delete_on_termination": "true",
                  "encrypted": "false",
                  "iops": "0",
                  "snapshot_id": "snap-0f243d8a55007251e",
                  "throughput": "0",
                  "volume_size": "50",
                  "volume_type": "gp2"
                },
                "no_device": "",
                "virtual_name": ""
              },
              {
                "device_name": "xvdca",
                "ebs": {},
                "no_device": "",
                "virtual_name": "ephemeral0"
              },
              {
                "device_name": "xvdcb",
                "ebs": {},
                "no_device": "",
                "virtual_name": "ephemeral1"
              },
              {
                "device_name": "xvdcc",
                "ebs": {},
                "no_device": "",
                "virtual_name": "ephemeral2"
              },
              {
                "device_name": "xvdcd",
                "ebs": {},
                "no_device": "",
                "virtual_name": "ephemeral3"
              },
              {
                "device_name": "xvdce",
                "ebs": {},
                "no_device": "",
                "virtual_name": "ephemeral4"
              },
              {
                "device_name": "xvdcf",
                "ebs": {},
                "no_device": "",
                "virtual_name": "ephemeral5"
              },
              {
                "device_name": "xvdcg",
                "ebs": {},
                "no_device": "",
                "virtual_name": "ephemeral6"
              },
              {
                "device_name": "xvdch",
                "ebs": {},
                "no_device": "",
                "virtual_name": "ephemeral7"
              },
              {
                "device_name": "xvdci",
                "ebs": {},
                "no_device": "",
                "virtual_name": "ephemeral8"
              },
              {
                "device_name": "xvdcj",
                "ebs": {},
                "no_device": "",
                "virtual_name": "ephemeral9"
              },
              {
                "device_name": "xvdck",
                "ebs": {},
                "no_device": "",
                "virtual_name": "ephemeral10"
              },
              {
                "device_name": "xvdcl",
                "ebs": {},
                "no_device": "",
                "virtual_name": "ephemeral11"
              },
              {
                "device_name": "xvdcm",
                "ebs": {},
                "no_device": "",
                "virtual_name": "ephemeral12"
              },
              {
                "device_name": "xvdcn",
                "ebs": {},
                "no_device": "",
                "virtual_name": "ephemeral13"
              },
              {
                "device_name": "xvdco",
                "ebs": {},
                "no_device": "",
                "virtual_name": "ephemeral14"
              },
              {
                "device_name": "xvdcp",
                "ebs": {},
                "no_device": "",
                "virtual_name": "ephemeral15"
              },
              {
                "device_name": "xvdcq",
                "ebs": {},
                "no_device": "",
                "virtual_name": "ephemeral16"
              },
              {
                "device_name": "xvdcr",
                "ebs": {},
                "no_device": "",
                "virtual_name": "ephemeral17"
              },
              {
                "device_name": "xvdcs",
                "ebs": {},
                "no_device": "",
                "virtual_name": "ephemeral18"
              },
              {
                "device_name": "xvdct",
                "ebs": {},
                "no_device": "",
                "virtual_name": "ephemeral19"
              },
              {
                "device_name": "xvdcu",
                "ebs": {},
                "no_device": "",
                "virtual_name": "ephemeral20"
              },
              {
                "device_name": "xvdcv",
                "ebs": {},
                "no_device": "",
                "virtual_name": "ephemeral21"
              },
              {
                "device_name": "xvdcw",
                "ebs": {},
                "no_device": "",
                "virtual_name": "ephemeral22"
              },
              {
                "device_name": "xvdcx",
                "ebs": {},
                "no_device": "",
                "virtual_name": "ephemeral23"
              },
              {
                "device_name": "xvdcy",
                "ebs": {},
                "no_device": "",
                "virtual_name": "ephemeral24"
              },
              {
                "device_name": "xvdcz",
                "ebs": {},
                "no_device": "",
                "virtual_name": "ephemeral25"
              }
            ],
            "creation_date": "2021-06-18T17:31:09.000Z",
            "description": "Microsoft Windows Server 2019 Core optimized for EKS and provided by Amazon",
            "ena_support": true,
            "executable_users": null,
            "filter": [
              {
                "name": "name",
                "values": [
                  "Windows_Server-2019-English-Core-EKS_Optimized-1.17-*"
                ]
              },
              {
                "name": "platform",
                "values": [
                  "windows"
                ]
              }
            ],
            "hypervisor": "xen",
            "id": "ami-0c5ebb6eda6ea4c82",
            "image_id": "ami-0c5ebb6eda6ea4c82",
            "image_location": "amazon/Windows_Server-2019-English-Core-EKS_Optimized-1.17-2021.06.16",
            "image_owner_alias": "amazon",
            "image_type": "machine",
            "kernel_id": null,
            "most_recent": true,
            "name": "Windows_Server-2019-English-Core-EKS_Optimized-1.17-2021.06.16",
            "name_regex": null,
            "owner_id": "801119661308",
            "owners": [
              "amazon"
            ],
            "platform": "windows",
            "platform_details": "Windows",
            "product_codes": [],
            "public": true,
            "ramdisk_id": null,
            "root_device_name": "/dev/sda1",
            "root_device_type": "ebs",
            "root_snapshot_id": "snap-0f243d8a55007251e",
            "sriov_net_support": "simple",
            "state": "available",
            "state_reason": {
              "code": "UNSET",
              "message": "UNSET"
            },
            "tags": {},
            "usage_operation": "RunInstances:0002",
            "virtualization_type": "hvm"
          },
          "sensitive_attributes": []
        }
      ]
    },
    {
      "module": "module.eks",
      "mode": "data",
      "type": "aws_caller_identity",
      "name": "current",
      "provider": "provider[\"registry.terraform.io/hashicorp/aws\"]",
      "instances": [
        {
          "schema_version": 0,
          "attributes": {
            "account_id": "129432529795",
            "arn": "arn:aws:iam::129432529795:user/cloud_user",
            "id": "129432529795",
            "user_id": "AIDAR4IWHVOBU4T2MBQJZ"
          },
          "sensitive_attributes": []
        }
      ]
    },
    {
      "module": "module.eks",
      "mode": "data",
      "type": "aws_iam_policy_document",
      "name": "cluster_assume_role_policy",
      "provider": "provider[\"registry.terraform.io/hashicorp/aws\"]",
      "instances": [
        {
          "schema_version": 0,
          "attributes": {
            "id": "2764486067",
            "json": "{\n  \"Version\": \"2012-10-17\",\n  \"Statement\": [\n    {\n      \"Sid\": \"EKSClusterAssumeRole\",\n      \"Effect\": \"Allow\",\n      \"Action\": \"sts:AssumeRole\",\n      \"Principal\": {\n        \"Service\": \"eks.amazonaws.com\"\n      }\n    }\n  ]\n}",
            "override_json": null,
            "override_policy_documents": null,
            "policy_id": null,
            "source_json": null,
            "source_policy_documents": null,
            "statement": [
              {
                "actions": [
                  "sts:AssumeRole"
                ],
                "condition": [],
                "effect": "Allow",
                "not_actions": [],
                "not_principals": [],
                "not_resources": [],
                "principals": [
                  {
                    "identifiers": [
                      "eks.amazonaws.com"
                    ],
                    "type": "Service"
                  }
                ],
                "resources": [],
                "sid": "EKSClusterAssumeRole"
              }
            ],
            "version": "2012-10-17"
          },
          "sensitive_attributes": []
        }
      ]
    },
    {
      "module": "module.eks",
      "mode": "data",
      "type": "aws_iam_policy_document",
      "name": "cluster_elb_sl_role_creation",
      "provider": "provider[\"registry.terraform.io/hashicorp/aws\"]",
      "instances": [
        {
          "index_key": 0,
          "schema_version": 0,
          "attributes": {
            "id": "3407219844",
            "json": "{\n  \"Version\": \"2012-10-17\",\n  \"Statement\": [\n    {\n      \"Sid\": \"\",\n      \"Effect\": \"Allow\",\n      \"Action\": [\n        \"ec2:DescribeInternetGateways\",\n        \"ec2:DescribeAccountAttributes\"\n      ],\n      \"Resource\": \"*\"\n    }\n  ]\n}",
            "override_json": null,
            "override_policy_documents": null,
            "policy_id": null,
            "source_json": null,
            "source_policy_documents": null,
            "statement": [
              {
                "actions": [
                  "ec2:DescribeAccountAttributes",
                  "ec2:DescribeInternetGateways"
                ],
                "condition": [],
                "effect": "Allow",
                "not_actions": [],
                "not_principals": [],
                "not_resources": [],
                "principals": [],
                "resources": [
                  "*"
                ],
                "sid": ""
              }
            ],
            "version": "2012-10-17"
          },
          "sensitive_attributes": []
        }
      ]
    },
    {
      "module": "module.eks",
      "mode": "data",
      "type": "aws_iam_policy_document",
      "name": "workers_assume_role_policy",
      "provider": "provider[\"registry.terraform.io/hashicorp/aws\"]",
      "instances": [
        {
          "schema_version": 0,
          "attributes": {
            "id": "3778018924",
            "json": "{\n  \"Version\": \"2012-10-17\",\n  \"Statement\": [\n    {\n      \"Sid\": \"EKSWorkerAssumeRole\",\n      \"Effect\": \"Allow\",\n      \"Action\": \"sts:AssumeRole\",\n      \"Principal\": {\n        \"Service\": \"ec2.amazonaws.com\"\n      }\n    }\n  ]\n}",
            "override_json": null,
            "override_policy_documents": null,
            "policy_id": null,
            "source_json": null,
            "source_policy_documents": null,
            "statement": [
              {
                "actions": [
                  "sts:AssumeRole"
                ],
                "condition": [],
                "effect": "Allow",
                "not_actions": [],
                "not_principals": [],
                "not_resources": [],
                "principals": [
                  {
                    "identifiers": [
                      "ec2.amazonaws.com"
                    ],
                    "type": "Service"
                  }
                ],
                "resources": [],
                "sid": "EKSWorkerAssumeRole"
              }
            ],
            "version": "2012-10-17"
          },
          "sensitive_attributes": []
        }
      ]
    },
    {
      "module": "module.eks",
      "mode": "data",
      "type": "aws_partition",
      "name": "current",
      "provider": "provider[\"registry.terraform.io/hashicorp/aws\"]",
      "instances": [
        {
          "schema_version": 0,
          "attributes": {
            "dns_suffix": "amazonaws.com",
            "id": "aws",
            "partition": "aws",
            "reverse_dns_prefix": "com.amazonaws"
          },
          "sensitive_attributes": []
        }
      ]
    },
    {
      "module": "module.eks",
      "mode": "data",
      "type": "template_file",
      "name": "userdata",
      "provider": "provider[\"registry.terraform.io/hashicorp/template\"]",
      "instances": [
        {
          "index_key": 0,
          "schema_version": 0,
          "attributes": {
            "filename": null,
            "id": "d5489e58d0482d8ba414bc9a4c02fb857b5ec23c35861d529e34bb367648ca07",
            "rendered": "#!/bin/bash -xe\n\n# Allow user supplied pre userdata code\n\n\n# Bootstrap and join the cluster\n/etc/eks/bootstrap.sh --b64-cluster-ca 'LS0tLS1CRUdJTiBDRVJUSUZJQ0FURS0tLS0tCk1JSUN5RENDQWJDZ0F3SUJBZ0lCQURBTkJna3Foa2lHOXcwQkFRc0ZBREFWTVJNd0VRWURWUVFERXdwcmRXSmwKY201bGRHVnpNQjRYRFRJeE1EY3pNREl3TkRJeE1sb1hEVE14TURjeU9ESXdOREl4TWxvd0ZURVRNQkVHQTFVRQpBeE1LYTNWaVpYSnVaWFJsY3pDQ0FTSXdEUVlKS29aSWh2Y05BUUVCQlFBRGdnRVBBRENDQVFvQ2dnRUJBS05FCkxyUThhSlo5S3BXWUwwdWZZcHdnZGxWaWQvSmpWditWbHFxcHVUVVd4QVdhUW15QkhmUSsvUnR0SjgwcmwvaHIKMmpKcmxzcGExVmFlaHV2SlBGV2NKSGNna3FRUTh2dmJJdmU4S3NzaUQwa2hSQStqWDRQMmRGUFlXc1RrdGIwdwpvQmFiZ1ZaRy9EaHpYNkdvdEdPbFRxakhqc2xIa2FRQkxhMkpNZkpnTE9LZSsvMHFyTEhzTGRwSmZyNXJTTkhNCjRwZ3RBNEpGNkFZNkZhSkszWFU3ek5SR3pJVkVlaEFnMW5SL0RRamZidVJBOVRjaVVUVXV3M3hnVTBPRTVMOHMKWjE3NFc1YnIyK2xPNmVINUJScEdKOWZzR21SdEk1Q0c0OG9KU0IweWIra25MRzhsMlBRY05JNWNzT3ZCWTcxRwo0Y01HenB6d2pBZUYvaVEzWVJVQ0F3RUFBYU1qTUNFd0RnWURWUjBQQVFIL0JBUURBZ0trTUE4R0ExVWRFd0VCCi93UUZNQU1CQWY4d0RRWUpLb1pJaHZjTkFRRUxCUUFEZ2dFQkFDbWdEY0pOQVpROGo4MmVubVZRaE1kSTlFbW0KSDdBUlBtQzlkdkVFSnRSZVc1Y2trSVVzWWFqc2pMdk82a2ZZMC90VFZtYWhDejlRYVhDK3Q4Z2YrT3lBeEttNgpROVFzeFdtZTluNm5sd2lmTEFqVnZKRWFsZ3J3OGVpcnlIUm9UcFVVRG5HVHFOQ0lvUzlGSThPLzUxZWt3OEdIClBFWDNSckRFVHJBd21Ma29CTGoxaTl6eVB6ai82MmxpOE1nYUZnQklkUFpZTFQrNFhSK2tuWmNkSFJ5aVZtTEsKNGNpWVdPOTB3OXhCUkpydXl5a29xcUFiMjJ5bkc4T0pUU3o4VnAzZWhhYXNrSzd6UGJsK1FwS3Q2aWRzRWVzUApPSVBkRExuVlpMQUsxblhqb0RiVXAyQklJRWtOVTRqUkNRQ0NZUTJUc0VHWElwd0JPejdTUStpTjY5VT0KLS0tLS1FTkQgQ0VSVElGSUNBVEUtLS0tLQo=' --apiserver-endpoint 'https://24CB1BD6AEC6DE63D0C27CBA743FDC8B.gr7.us-east-1.eks.amazonaws.com'  --kubelet-extra-args \"\" 'myapp-eks-cluster'\n\n# Allow user supplied userdata code\n\n",
            "template": "#!/bin/bash -xe\n\n# Allow user supplied pre userdata code\n${pre_userdata}\n\n# Bootstrap and join the cluster\n/etc/eks/bootstrap.sh --b64-cluster-ca '${cluster_auth_base64}' --apiserver-endpoint '${endpoint}' ${bootstrap_extra_args} --kubelet-extra-args \"${kubelet_extra_args}\" '${cluster_name}'\n\n# Allow user supplied userdata code\n${additional_userdata}\n",
            "vars": {
              "additional_userdata": "",
              "bootstrap_extra_args": "",
              "cluster_auth_base64": "LS0tLS1CRUdJTiBDRVJUSUZJQ0FURS0tLS0tCk1JSUN5RENDQWJDZ0F3SUJBZ0lCQURBTkJna3Foa2lHOXcwQkFRc0ZBREFWTVJNd0VRWURWUVFERXdwcmRXSmwKY201bGRHVnpNQjRYRFRJeE1EY3pNREl3TkRJeE1sb1hEVE14TURjeU9ESXdOREl4TWxvd0ZURVRNQkVHQTFVRQpBeE1LYTNWaVpYSnVaWFJsY3pDQ0FTSXdEUVlKS29aSWh2Y05BUUVCQlFBRGdnRVBBRENDQVFvQ2dnRUJBS05FCkxyUThhSlo5S3BXWUwwdWZZcHdnZGxWaWQvSmpWditWbHFxcHVUVVd4QVdhUW15QkhmUSsvUnR0SjgwcmwvaHIKMmpKcmxzcGExVmFlaHV2SlBGV2NKSGNna3FRUTh2dmJJdmU4S3NzaUQwa2hSQStqWDRQMmRGUFlXc1RrdGIwdwpvQmFiZ1ZaRy9EaHpYNkdvdEdPbFRxakhqc2xIa2FRQkxhMkpNZkpnTE9LZSsvMHFyTEhzTGRwSmZyNXJTTkhNCjRwZ3RBNEpGNkFZNkZhSkszWFU3ek5SR3pJVkVlaEFnMW5SL0RRamZidVJBOVRjaVVUVXV3M3hnVTBPRTVMOHMKWjE3NFc1YnIyK2xPNmVINUJScEdKOWZzR21SdEk1Q0c0OG9KU0IweWIra25MRzhsMlBRY05JNWNzT3ZCWTcxRwo0Y01HenB6d2pBZUYvaVEzWVJVQ0F3RUFBYU1qTUNFd0RnWURWUjBQQVFIL0JBUURBZ0trTUE4R0ExVWRFd0VCCi93UUZNQU1CQWY4d0RRWUpLb1pJaHZjTkFRRUxCUUFEZ2dFQkFDbWdEY0pOQVpROGo4MmVubVZRaE1kSTlFbW0KSDdBUlBtQzlkdkVFSnRSZVc1Y2trSVVzWWFqc2pMdk82a2ZZMC90VFZtYWhDejlRYVhDK3Q4Z2YrT3lBeEttNgpROVFzeFdtZTluNm5sd2lmTEFqVnZKRWFsZ3J3OGVpcnlIUm9UcFVVRG5HVHFOQ0lvUzlGSThPLzUxZWt3OEdIClBFWDNSckRFVHJBd21Ma29CTGoxaTl6eVB6ai82MmxpOE1nYUZnQklkUFpZTFQrNFhSK2tuWmNkSFJ5aVZtTEsKNGNpWVdPOTB3OXhCUkpydXl5a29xcUFiMjJ5bkc4T0pUU3o4VnAzZWhhYXNrSzd6UGJsK1FwS3Q2aWRzRWVzUApPSVBkRExuVlpMQUsxblhqb0RiVXAyQklJRWtOVTRqUkNRQ0NZUTJUc0VHWElwd0JPejdTUStpTjY5VT0KLS0tLS1FTkQgQ0VSVElGSUNBVEUtLS0tLQo=",
              "cluster_name": "myapp-eks-cluster",
              "endpoint": "https://24CB1BD6AEC6DE63D0C27CBA743FDC8B.gr7.us-east-1.eks.amazonaws.com",
              "kubelet_extra_args": "",
              "platform": "linux",
              "pre_userdata": ""
            }
          },
          "sensitive_attributes": []
        },
        {
          "index_key": 1,
          "schema_version": 0,
          "attributes": {
            "filename": null,
            "id": "d5489e58d0482d8ba414bc9a4c02fb857b5ec23c35861d529e34bb367648ca07",
            "rendered": "#!/bin/bash -xe\n\n# Allow user supplied pre userdata code\n\n\n# Bootstrap and join the cluster\n/etc/eks/bootstrap.sh --b64-cluster-ca 'LS0tLS1CRUdJTiBDRVJUSUZJQ0FURS0tLS0tCk1JSUN5RENDQWJDZ0F3SUJBZ0lCQURBTkJna3Foa2lHOXcwQkFRc0ZBREFWTVJNd0VRWURWUVFERXdwcmRXSmwKY201bGRHVnpNQjRYRFRJeE1EY3pNREl3TkRJeE1sb1hEVE14TURjeU9ESXdOREl4TWxvd0ZURVRNQkVHQTFVRQpBeE1LYTNWaVpYSnVaWFJsY3pDQ0FTSXdEUVlKS29aSWh2Y05BUUVCQlFBRGdnRVBBRENDQVFvQ2dnRUJBS05FCkxyUThhSlo5S3BXWUwwdWZZcHdnZGxWaWQvSmpWditWbHFxcHVUVVd4QVdhUW15QkhmUSsvUnR0SjgwcmwvaHIKMmpKcmxzcGExVmFlaHV2SlBGV2NKSGNna3FRUTh2dmJJdmU4S3NzaUQwa2hSQStqWDRQMmRGUFlXc1RrdGIwdwpvQmFiZ1ZaRy9EaHpYNkdvdEdPbFRxakhqc2xIa2FRQkxhMkpNZkpnTE9LZSsvMHFyTEhzTGRwSmZyNXJTTkhNCjRwZ3RBNEpGNkFZNkZhSkszWFU3ek5SR3pJVkVlaEFnMW5SL0RRamZidVJBOVRjaVVUVXV3M3hnVTBPRTVMOHMKWjE3NFc1YnIyK2xPNmVINUJScEdKOWZzR21SdEk1Q0c0OG9KU0IweWIra25MRzhsMlBRY05JNWNzT3ZCWTcxRwo0Y01HenB6d2pBZUYvaVEzWVJVQ0F3RUFBYU1qTUNFd0RnWURWUjBQQVFIL0JBUURBZ0trTUE4R0ExVWRFd0VCCi93UUZNQU1CQWY4d0RRWUpLb1pJaHZjTkFRRUxCUUFEZ2dFQkFDbWdEY0pOQVpROGo4MmVubVZRaE1kSTlFbW0KSDdBUlBtQzlkdkVFSnRSZVc1Y2trSVVzWWFqc2pMdk82a2ZZMC90VFZtYWhDejlRYVhDK3Q4Z2YrT3lBeEttNgpROVFzeFdtZTluNm5sd2lmTEFqVnZKRWFsZ3J3OGVpcnlIUm9UcFVVRG5HVHFOQ0lvUzlGSThPLzUxZWt3OEdIClBFWDNSckRFVHJBd21Ma29CTGoxaTl6eVB6ai82MmxpOE1nYUZnQklkUFpZTFQrNFhSK2tuWmNkSFJ5aVZtTEsKNGNpWVdPOTB3OXhCUkpydXl5a29xcUFiMjJ5bkc4T0pUU3o4VnAzZWhhYXNrSzd6UGJsK1FwS3Q2aWRzRWVzUApPSVBkRExuVlpMQUsxblhqb0RiVXAyQklJRWtOVTRqUkNRQ0NZUTJUc0VHWElwd0JPejdTUStpTjY5VT0KLS0tLS1FTkQgQ0VSVElGSUNBVEUtLS0tLQo=' --apiserver-endpoint 'https://24CB1BD6AEC6DE63D0C27CBA743FDC8B.gr7.us-east-1.eks.amazonaws.com'  --kubelet-extra-args \"\" 'myapp-eks-cluster'\n\n# Allow user supplied userdata code\n\n",
            "template": "#!/bin/bash -xe\n\n# Allow user supplied pre userdata code\n${pre_userdata}\n\n# Bootstrap and join the cluster\n/etc/eks/bootstrap.sh --b64-cluster-ca '${cluster_auth_base64}' --apiserver-endpoint '${endpoint}' ${bootstrap_extra_args} --kubelet-extra-args \"${kubelet_extra_args}\" '${cluster_name}'\n\n# Allow user supplied userdata code\n${additional_userdata}\n",
            "vars": {
              "additional_userdata": "",
              "bootstrap_extra_args": "",
              "cluster_auth_base64": "LS0tLS1CRUdJTiBDRVJUSUZJQ0FURS0tLS0tCk1JSUN5RENDQWJDZ0F3SUJBZ0lCQURBTkJna3Foa2lHOXcwQkFRc0ZBREFWTVJNd0VRWURWUVFERXdwcmRXSmwKY201bGRHVnpNQjRYRFRJeE1EY3pNREl3TkRJeE1sb1hEVE14TURjeU9ESXdOREl4TWxvd0ZURVRNQkVHQTFVRQpBeE1LYTNWaVpYSnVaWFJsY3pDQ0FTSXdEUVlKS29aSWh2Y05BUUVCQlFBRGdnRVBBRENDQVFvQ2dnRUJBS05FCkxyUThhSlo5S3BXWUwwdWZZcHdnZGxWaWQvSmpWditWbHFxcHVUVVd4QVdhUW15QkhmUSsvUnR0SjgwcmwvaHIKMmpKcmxzcGExVmFlaHV2SlBGV2NKSGNna3FRUTh2dmJJdmU4S3NzaUQwa2hSQStqWDRQMmRGUFlXc1RrdGIwdwpvQmFiZ1ZaRy9EaHpYNkdvdEdPbFRxakhqc2xIa2FRQkxhMkpNZkpnTE9LZSsvMHFyTEhzTGRwSmZyNXJTTkhNCjRwZ3RBNEpGNkFZNkZhSkszWFU3ek5SR3pJVkVlaEFnMW5SL0RRamZidVJBOVRjaVVUVXV3M3hnVTBPRTVMOHMKWjE3NFc1YnIyK2xPNmVINUJScEdKOWZzR21SdEk1Q0c0OG9KU0IweWIra25MRzhsMlBRY05JNWNzT3ZCWTcxRwo0Y01HenB6d2pBZUYvaVEzWVJVQ0F3RUFBYU1qTUNFd0RnWURWUjBQQVFIL0JBUURBZ0trTUE4R0ExVWRFd0VCCi93UUZNQU1CQWY4d0RRWUpLb1pJaHZjTkFRRUxCUUFEZ2dFQkFDbWdEY0pOQVpROGo4MmVubVZRaE1kSTlFbW0KSDdBUlBtQzlkdkVFSnRSZVc1Y2trSVVzWWFqc2pMdk82a2ZZMC90VFZtYWhDejlRYVhDK3Q4Z2YrT3lBeEttNgpROVFzeFdtZTluNm5sd2lmTEFqVnZKRWFsZ3J3OGVpcnlIUm9UcFVVRG5HVHFOQ0lvUzlGSThPLzUxZWt3OEdIClBFWDNSckRFVHJBd21Ma29CTGoxaTl6eVB6ai82MmxpOE1nYUZnQklkUFpZTFQrNFhSK2tuWmNkSFJ5aVZtTEsKNGNpWVdPOTB3OXhCUkpydXl5a29xcUFiMjJ5bkc4T0pUU3o4VnAzZWhhYXNrSzd6UGJsK1FwS3Q2aWRzRWVzUApPSVBkRExuVlpMQUsxblhqb0RiVXAyQklJRWtOVTRqUkNRQ0NZUTJUc0VHWElwd0JPejdTUStpTjY5VT0KLS0tLS1FTkQgQ0VSVElGSUNBVEUtLS0tLQo=",
              "cluster_name": "myapp-eks-cluster",
              "endpoint": "https://24CB1BD6AEC6DE63D0C27CBA743FDC8B.gr7.us-east-1.eks.amazonaws.com",
              "kubelet_extra_args": "",
              "platform": "linux",
              "pre_userdata": ""
            }
          },
          "sensitive_attributes": []
        }
      ]
    },
    {
      "module": "module.eks",
      "mode": "managed",
      "type": "aws_autoscaling_group",
      "name": "workers",
      "provider": "provider[\"registry.terraform.io/hashicorp/aws\"]",
      "instances": [
        {
          "index_key": 0,
          "schema_version": 0,
          "attributes": {
            "arn": "arn:aws:autoscaling:us-east-1:129432529795:autoScalingGroup:76d73a1b-7532-4a05-ab97-bca6b26947eb:autoScalingGroupName/myapp-eks-cluster-worker-group-120210730204622749600000012",
            "availability_zones": [
              "us-east-1a",
              "us-east-1b",
              "us-east-1c"
            ],
            "capacity_rebalance": false,
            "default_cooldown": 300,
            "desired_capacity": 2,
            "enabled_metrics": null,
            "force_delete": false,
            "force_delete_warm_pool": false,
            "health_check_grace_period": 300,
            "health_check_type": "EC2",
            "id": "myapp-eks-cluster-worker-group-120210730204622749600000012",
            "initial_lifecycle_hook": [],
            "instance_refresh": [],
            "launch_configuration": "myapp-eks-cluster-worker-group-120210730204614695000000010",
            "launch_template": [],
            "load_balancers": null,
            "max_instance_lifetime": 0,
            "max_size": 3,
            "metrics_granularity": "1Minute",
            "min_elb_capacity": null,
            "min_size": 1,
            "mixed_instances_policy": [],
            "name": "myapp-eks-cluster-worker-group-120210730204622749600000012",
            "name_prefix": "myapp-eks-cluster-worker-group-1",
            "placement_group": "",
            "protect_from_scale_in": false,
            "service_linked_role_arn": "arn:aws:iam::129432529795:role/aws-service-role/autoscaling.amazonaws.com/AWSServiceRoleForAutoScaling",
            "suspended_processes": [
              "AZRebalance"
            ],
            "tag": [
              {
                "key": "Name",
                "propagate_at_launch": true,
                "value": "myapp-eks-cluster-worker-group-1-eks_asg"
              },
              {
                "key": "application",
                "propagate_at_launch": true,
                "value": "myapp"
              },
              {
                "key": "environment",
                "propagate_at_launch": true,
                "value": "dev"
              },
              {
                "key": "k8s.io/cluster/myapp-eks-cluster",
                "propagate_at_launch": true,
                "value": "owned"
              },
              {
                "key": "kubernetes.io/cluster/myapp-eks-cluster",
                "propagate_at_launch": true,
                "value": "owned"
              }
            ],
            "tags": null,
            "target_group_arns": null,
            "termination_policies": [],
            "timeouts": null,
            "vpc_zone_identifier": [
              "subnet-00231a6c9bdfeb2f6",
              "subnet-038bcb34f085f366d",
              "subnet-0f9e01cf7d34f5bf3"
            ],
            "wait_for_capacity_timeout": "10m",
            "wait_for_elb_capacity": null,
            "warm_pool": []
          },
          "sensitive_attributes": [],
          "private": "eyJlMmJmYjczMC1lY2FhLTExZTYtOGY4OC0zNDM2M2JjN2M0YzAiOnsiZGVsZXRlIjo2MDAwMDAwMDAwMDB9fQ==",
          "dependencies": [
            "data.aws_availability_zones.azs",
            "module.eks.aws_cloudwatch_log_group.this",
            "module.eks.aws_eks_cluster.this",
            "module.eks.aws_iam_instance_profile.workers",
            "module.eks.aws_iam_role.cluster",
            "module.eks.aws_iam_role.workers",
            "module.eks.aws_iam_role_policy_attachment.cluster_AmazonEKSClusterPolicy",
            "module.eks.aws_iam_role_policy_attachment.cluster_AmazonEKSServicePolicy",
            "module.eks.aws_iam_role_policy_attachment.cluster_AmazonEKSVPCResourceControllerPolicy",
            "module.eks.aws_iam_role_policy_attachment.workers_AmazonEC2ContainerRegistryReadOnly",
            "module.eks.aws_iam_role_policy_attachment.workers_AmazonEKSWorkerNodePolicy",
            "module.eks.aws_iam_role_policy_attachment.workers_AmazonEKS_CNI_Policy",
            "module.eks.aws_iam_role_policy_attachment.workers_additional_policies",
            "module.eks.aws_launch_configuration.workers",
            "module.eks.aws_security_group.cluster",
            "module.eks.aws_security_group.workers",
            "module.eks.aws_security_group_rule.cluster_egress_internet",
            "module.eks.aws_security_group_rule.cluster_https_worker_ingress",
            "module.eks.aws_security_group_rule.cluster_primary_ingress_workers",
            "module.eks.aws_security_group_rule.workers_egress_internet",
            "module.eks.aws_security_group_rule.workers_ingress_cluster",
            "module.eks.aws_security_group_rule.workers_ingress_cluster_https",
            "module.eks.aws_security_group_rule.workers_ingress_cluster_kubelet",
            "module.eks.aws_security_group_rule.workers_ingress_cluster_primary",
            "module.eks.aws_security_group_rule.workers_ingress_self",
            "module.eks.data.aws_ami.eks_worker",
            "module.eks.data.aws_ami.eks_worker_windows",
            "module.eks.data.aws_iam_instance_profile.custom_worker_group_iam_instance_profile",
            "module.eks.data.aws_iam_policy_document.cluster_assume_role_policy",
            "module.eks.data.aws_iam_policy_document.workers_assume_role_policy",
            "module.eks.data.aws_iam_role.custom_cluster_iam_role",
            "module.eks.data.aws_partition.current",
            "module.eks.data.template_file.userdata",
            "module.eks.random_pet.workers",
            "module.quarklink-vpc.aws_subnet.private",
            "module.quarklink-vpc.aws_vpc.this",
            "module.quarklink-vpc.aws_vpc_ipv4_cidr_block_association.this"
          ],
          "create_before_destroy": true
        },
        {
          "index_key": 1,
          "schema_version": 0,
          "attributes": {
            "arn": "arn:aws:autoscaling:us-east-1:129432529795:autoScalingGroup:e0a12ba5-591f-49b1-8070-e0cf8f3c6295:autoScalingGroupName/myapp-eks-cluster-worker-group-220210730204622746400000011",
            "availability_zones": [
              "us-east-1a",
              "us-east-1b",
              "us-east-1c"
            ],
            "capacity_rebalance": false,
            "default_cooldown": 300,
            "desired_capacity": 1,
            "enabled_metrics": null,
            "force_delete": false,
            "force_delete_warm_pool": false,
            "health_check_grace_period": 300,
            "health_check_type": "EC2",
            "id": "myapp-eks-cluster-worker-group-220210730204622746400000011",
            "initial_lifecycle_hook": [],
            "instance_refresh": [],
            "launch_configuration": "myapp-eks-cluster-worker-group-22021073020461469450000000f",
            "launch_template": [],
            "load_balancers": null,
            "max_instance_lifetime": 0,
            "max_size": 3,
            "metrics_granularity": "1Minute",
            "min_elb_capacity": null,
            "min_size": 1,
            "mixed_instances_policy": [],
            "name": "myapp-eks-cluster-worker-group-220210730204622746400000011",
            "name_prefix": "myapp-eks-cluster-worker-group-2",
            "placement_group": "",
            "protect_from_scale_in": false,
            "service_linked_role_arn": "arn:aws:iam::129432529795:role/aws-service-role/autoscaling.amazonaws.com/AWSServiceRoleForAutoScaling",
            "suspended_processes": [
              "AZRebalance"
            ],
            "tag": [
              {
                "key": "Name",
                "propagate_at_launch": true,
                "value": "myapp-eks-cluster-worker-group-2-eks_asg"
              },
              {
                "key": "application",
                "propagate_at_launch": true,
                "value": "myapp"
              },
              {
                "key": "environment",
                "propagate_at_launch": true,
                "value": "dev"
              },
              {
                "key": "k8s.io/cluster/myapp-eks-cluster",
                "propagate_at_launch": true,
                "value": "owned"
              },
              {
                "key": "kubernetes.io/cluster/myapp-eks-cluster",
                "propagate_at_launch": true,
                "value": "owned"
              }
            ],
            "tags": null,
            "target_group_arns": null,
            "termination_policies": [],
            "timeouts": null,
            "vpc_zone_identifier": [
              "subnet-00231a6c9bdfeb2f6",
              "subnet-038bcb34f085f366d",
              "subnet-0f9e01cf7d34f5bf3"
            ],
            "wait_for_capacity_timeout": "10m",
            "wait_for_elb_capacity": null,
            "warm_pool": []
          },
          "sensitive_attributes": [],
          "private": "eyJlMmJmYjczMC1lY2FhLTExZTYtOGY4OC0zNDM2M2JjN2M0YzAiOnsiZGVsZXRlIjo2MDAwMDAwMDAwMDB9fQ==",
          "dependencies": [
            "data.aws_availability_zones.azs",
            "module.eks.aws_cloudwatch_log_group.this",
            "module.eks.aws_eks_cluster.this",
            "module.eks.aws_iam_instance_profile.workers",
            "module.eks.aws_iam_role.cluster",
            "module.eks.aws_iam_role.workers",
            "module.eks.aws_iam_role_policy_attachment.cluster_AmazonEKSClusterPolicy",
            "module.eks.aws_iam_role_policy_attachment.cluster_AmazonEKSServicePolicy",
            "module.eks.aws_iam_role_policy_attachment.cluster_AmazonEKSVPCResourceControllerPolicy",
            "module.eks.aws_iam_role_policy_attachment.workers_AmazonEC2ContainerRegistryReadOnly",
            "module.eks.aws_iam_role_policy_attachment.workers_AmazonEKSWorkerNodePolicy",
            "module.eks.aws_iam_role_policy_attachment.workers_AmazonEKS_CNI_Policy",
            "module.eks.aws_iam_role_policy_attachment.workers_additional_policies",
            "module.eks.aws_launch_configuration.workers",
            "module.eks.aws_security_group.cluster",
            "module.eks.aws_security_group.workers",
            "module.eks.aws_security_group_rule.cluster_egress_internet",
            "module.eks.aws_security_group_rule.cluster_https_worker_ingress",
            "module.eks.aws_security_group_rule.cluster_primary_ingress_workers",
            "module.eks.aws_security_group_rule.workers_egress_internet",
            "module.eks.aws_security_group_rule.workers_ingress_cluster",
            "module.eks.aws_security_group_rule.workers_ingress_cluster_https",
            "module.eks.aws_security_group_rule.workers_ingress_cluster_kubelet",
            "module.eks.aws_security_group_rule.workers_ingress_cluster_primary",
            "module.eks.aws_security_group_rule.workers_ingress_self",
            "module.eks.data.aws_ami.eks_worker",
            "module.eks.data.aws_ami.eks_worker_windows",
            "module.eks.data.aws_iam_instance_profile.custom_worker_group_iam_instance_profile",
            "module.eks.data.aws_iam_policy_document.cluster_assume_role_policy",
            "module.eks.data.aws_iam_policy_document.workers_assume_role_policy",
            "module.eks.data.aws_iam_role.custom_cluster_iam_role",
            "module.eks.data.aws_partition.current",
            "module.eks.data.template_file.userdata",
            "module.eks.random_pet.workers",
            "module.quarklink-vpc.aws_subnet.private",
            "module.quarklink-vpc.aws_vpc.this",
            "module.quarklink-vpc.aws_vpc_ipv4_cidr_block_association.this"
          ],
          "create_before_destroy": true
        }
      ]
    },
    {
      "module": "module.eks",
      "mode": "managed",
      "type": "aws_eks_cluster",
      "name": "this",
      "provider": "provider[\"registry.terraform.io/hashicorp/aws\"]",
      "instances": [
        {
          "index_key": 0,
          "schema_version": 0,
          "attributes": {
            "arn": "arn:aws:eks:us-east-1:129432529795:cluster/myapp-eks-cluster",
            "certificate_authority": [
              {
                "data": "LS0tLS1CRUdJTiBDRVJUSUZJQ0FURS0tLS0tCk1JSUN5RENDQWJDZ0F3SUJBZ0lCQURBTkJna3Foa2lHOXcwQkFRc0ZBREFWTVJNd0VRWURWUVFERXdwcmRXSmwKY201bGRHVnpNQjRYRFRJeE1EY3pNREl3TkRJeE1sb1hEVE14TURjeU9ESXdOREl4TWxvd0ZURVRNQkVHQTFVRQpBeE1LYTNWaVpYSnVaWFJsY3pDQ0FTSXdEUVlKS29aSWh2Y05BUUVCQlFBRGdnRVBBRENDQVFvQ2dnRUJBS05FCkxyUThhSlo5S3BXWUwwdWZZcHdnZGxWaWQvSmpWditWbHFxcHVUVVd4QVdhUW15QkhmUSsvUnR0SjgwcmwvaHIKMmpKcmxzcGExVmFlaHV2SlBGV2NKSGNna3FRUTh2dmJJdmU4S3NzaUQwa2hSQStqWDRQMmRGUFlXc1RrdGIwdwpvQmFiZ1ZaRy9EaHpYNkdvdEdPbFRxakhqc2xIa2FRQkxhMkpNZkpnTE9LZSsvMHFyTEhzTGRwSmZyNXJTTkhNCjRwZ3RBNEpGNkFZNkZhSkszWFU3ek5SR3pJVkVlaEFnMW5SL0RRamZidVJBOVRjaVVUVXV3M3hnVTBPRTVMOHMKWjE3NFc1YnIyK2xPNmVINUJScEdKOWZzR21SdEk1Q0c0OG9KU0IweWIra25MRzhsMlBRY05JNWNzT3ZCWTcxRwo0Y01HenB6d2pBZUYvaVEzWVJVQ0F3RUFBYU1qTUNFd0RnWURWUjBQQVFIL0JBUURBZ0trTUE4R0ExVWRFd0VCCi93UUZNQU1CQWY4d0RRWUpLb1pJaHZjTkFRRUxCUUFEZ2dFQkFDbWdEY0pOQVpROGo4MmVubVZRaE1kSTlFbW0KSDdBUlBtQzlkdkVFSnRSZVc1Y2trSVVzWWFqc2pMdk82a2ZZMC90VFZtYWhDejlRYVhDK3Q4Z2YrT3lBeEttNgpROVFzeFdtZTluNm5sd2lmTEFqVnZKRWFsZ3J3OGVpcnlIUm9UcFVVRG5HVHFOQ0lvUzlGSThPLzUxZWt3OEdIClBFWDNSckRFVHJBd21Ma29CTGoxaTl6eVB6ai82MmxpOE1nYUZnQklkUFpZTFQrNFhSK2tuWmNkSFJ5aVZtTEsKNGNpWVdPOTB3OXhCUkpydXl5a29xcUFiMjJ5bkc4T0pUU3o4VnAzZWhhYXNrSzd6UGJsK1FwS3Q2aWRzRWVzUApPSVBkRExuVlpMQUsxblhqb0RiVXAyQklJRWtOVTRqUkNRQ0NZUTJUc0VHWElwd0JPejdTUStpTjY5VT0KLS0tLS1FTkQgQ0VSVElGSUNBVEUtLS0tLQo="
              }
            ],
            "created_at": "2021-07-30 20:36:35.196 +0000 UTC",
            "enabled_cluster_log_types": null,
            "encryption_config": [],
            "endpoint": "https://24CB1BD6AEC6DE63D0C27CBA743FDC8B.gr7.us-east-1.eks.amazonaws.com",
            "id": "myapp-eks-cluster",
            "identity": [
              {
                "oidc": [
                  {
                    "issuer": "https://oidc.eks.us-east-1.amazonaws.com/id/24CB1BD6AEC6DE63D0C27CBA743FDC8B"
                  }
                ]
              }
            ],
            "kubernetes_network_config": [
              {
                "service_ipv4_cidr": "172.20.0.0/16"
              }
            ],
            "name": "myapp-eks-cluster",
            "platform_version": "eks.8",
            "role_arn": "arn:aws:iam::129432529795:role/myapp-eks-cluster20210730203610179900000002",
            "status": "ACTIVE",
            "tags": {
              "application": "myapp",
              "environment": "dev"
            },
            "tags_all": {
              "application": "myapp",
              "environment": "dev"
            },
            "timeouts": {
              "create": "30m",
              "delete": "15m",
              "update": null
            },
            "version": "1.17",
            "vpc_config": [
              {
                "cluster_security_group_id": "sg-0940e3de6f1f016e2",
                "endpoint_private_access": false,
                "endpoint_public_access": true,
                "public_access_cidrs": [
                  "0.0.0.0/0"
                ],
                "security_group_ids": [
                  "sg-0c1f54a17ef469fc1"
                ],
                "subnet_ids": [
                  "subnet-00231a6c9bdfeb2f6",
                  "subnet-038bcb34f085f366d",
                  "subnet-0f9e01cf7d34f5bf3"
                ],
                "vpc_id": "vpc-042d9d8169115d20f"
              }
            ]
          },
          "sensitive_attributes": [],
          "private": "eyJlMmJmYjczMC1lY2FhLTExZTYtOGY4OC0zNDM2M2JjN2M0YzAiOnsiY3JlYXRlIjoxODAwMDAwMDAwMDAwLCJkZWxldGUiOjkwMDAwMDAwMDAwMCwidXBkYXRlIjozNjAwMDAwMDAwMDAwfX0=",
          "dependencies": [
            "data.aws_availability_zones.azs",
            "module.eks.aws_cloudwatch_log_group.this",
            "module.eks.aws_iam_role.cluster",
            "module.eks.aws_iam_role_policy_attachment.cluster_AmazonEKSClusterPolicy",
            "module.eks.aws_iam_role_policy_attachment.cluster_AmazonEKSServicePolicy",
            "module.eks.aws_iam_role_policy_attachment.cluster_AmazonEKSVPCResourceControllerPolicy",
            "module.eks.aws_security_group.cluster",
            "module.eks.aws_security_group.workers",
            "module.eks.aws_security_group_rule.cluster_egress_internet",
            "module.eks.aws_security_group_rule.cluster_https_worker_ingress",
            "module.eks.data.aws_iam_policy_document.cluster_assume_role_policy",
            "module.eks.data.aws_iam_role.custom_cluster_iam_role",
            "module.eks.data.aws_partition.current",
            "module.quarklink-vpc.aws_subnet.private",
            "module.quarklink-vpc.aws_vpc.this",
            "module.quarklink-vpc.aws_vpc_ipv4_cidr_block_association.this"
          ],
          "create_before_destroy": true
        }
      ]
    },
    {
      "module": "module.eks",
      "mode": "managed",
      "type": "aws_iam_instance_profile",
      "name": "workers",
      "provider": "provider[\"registry.terraform.io/hashicorp/aws\"]",
      "instances": [
        {
          "index_key": 0,
          "schema_version": 0,
          "attributes": {
            "arn": "arn:aws:iam::129432529795:instance-profile/myapp-eks-cluster2021073020461328930000000b",
            "create_date": "2021-07-30T20:46:13Z",
            "id": "myapp-eks-cluster2021073020461328930000000b",
            "name": "myapp-eks-cluster2021073020461328930000000b",
            "name_prefix": "myapp-eks-cluster",
            "path": "/",
            "role": "myapp-eks-cluster20210730204611343700000009",
            "tags": null,
            "tags_all": {},
            "unique_id": "AIPAR4IWHVOB3BRZAEGO2"
          },
          "sensitive_attributes": [],
          "private": "bnVsbA==",
          "dependencies": [
            "data.aws_availability_zones.azs",
            "module.eks.aws_cloudwatch_log_group.this",
            "module.eks.aws_eks_cluster.this",
            "module.eks.aws_iam_role.cluster",
            "module.eks.aws_iam_role.workers",
            "module.eks.aws_iam_role_policy_attachment.cluster_AmazonEKSClusterPolicy",
            "module.eks.aws_iam_role_policy_attachment.cluster_AmazonEKSServicePolicy",
            "module.eks.aws_iam_role_policy_attachment.cluster_AmazonEKSVPCResourceControllerPolicy",
            "module.eks.aws_security_group.cluster",
            "module.eks.aws_security_group.workers",
            "module.eks.aws_security_group_rule.cluster_egress_internet",
            "module.eks.aws_security_group_rule.cluster_https_worker_ingress",
            "module.eks.data.aws_iam_policy_document.cluster_assume_role_policy",
            "module.eks.data.aws_iam_policy_document.workers_assume_role_policy",
            "module.eks.data.aws_iam_role.custom_cluster_iam_role",
            "module.eks.data.aws_partition.current",
            "module.quarklink-vpc.aws_subnet.private",
            "module.quarklink-vpc.aws_vpc.this",
            "module.quarklink-vpc.aws_vpc_ipv4_cidr_block_association.this"
          ],
          "create_before_destroy": true
        },
        {
          "index_key": 1,
          "schema_version": 0,
          "attributes": {
            "arn": "arn:aws:iam::129432529795:instance-profile/myapp-eks-cluster2021073020461328890000000a",
            "create_date": "2021-07-30T20:46:13Z",
            "id": "myapp-eks-cluster2021073020461328890000000a",
            "name": "myapp-eks-cluster2021073020461328890000000a",
            "name_prefix": "myapp-eks-cluster",
            "path": "/",
            "role": "myapp-eks-cluster20210730204611343700000009",
            "tags": null,
            "tags_all": {},
            "unique_id": "AIPAR4IWHVOBSI3U7HPQ3"
          },
          "sensitive_attributes": [],
          "private": "bnVsbA==",
          "dependencies": [
            "data.aws_availability_zones.azs",
            "module.eks.aws_cloudwatch_log_group.this",
            "module.eks.aws_eks_cluster.this",
            "module.eks.aws_iam_role.cluster",
            "module.eks.aws_iam_role.workers",
            "module.eks.aws_iam_role_policy_attachment.cluster_AmazonEKSClusterPolicy",
            "module.eks.aws_iam_role_policy_attachment.cluster_AmazonEKSServicePolicy",
            "module.eks.aws_iam_role_policy_attachment.cluster_AmazonEKSVPCResourceControllerPolicy",
            "module.eks.aws_security_group.cluster",
            "module.eks.aws_security_group.workers",
            "module.eks.aws_security_group_rule.cluster_egress_internet",
            "module.eks.aws_security_group_rule.cluster_https_worker_ingress",
            "module.eks.data.aws_iam_policy_document.cluster_assume_role_policy",
            "module.eks.data.aws_iam_policy_document.workers_assume_role_policy",
            "module.eks.data.aws_iam_role.custom_cluster_iam_role",
            "module.eks.data.aws_partition.current",
            "module.quarklink-vpc.aws_subnet.private",
            "module.quarklink-vpc.aws_vpc.this",
            "module.quarklink-vpc.aws_vpc_ipv4_cidr_block_association.this"
          ],
          "create_before_destroy": true
        }
      ]
    },
    {
      "module": "module.eks",
      "mode": "managed",
      "type": "aws_iam_policy",
      "name": "cluster_elb_sl_role_creation",
      "provider": "provider[\"registry.terraform.io/hashicorp/aws\"]",
      "instances": [
        {
          "index_key": 0,
          "schema_version": 0,
          "attributes": {
            "arn": "arn:aws:iam::129432529795:policy/myapp-eks-cluster-elb-sl-role-creation20210730203610179100000001",
            "description": "Permissions for EKS to create AWSServiceRoleForElasticLoadBalancing service-linked role",
            "id": "arn:aws:iam::129432529795:policy/myapp-eks-cluster-elb-sl-role-creation20210730203610179100000001",
            "name": "myapp-eks-cluster-elb-sl-role-creation20210730203610179100000001",
            "name_prefix": "myapp-eks-cluster-elb-sl-role-creation",
            "path": "/",
            "policy": "{\n  \"Version\": \"2012-10-17\",\n  \"Statement\": [\n    {\n      \"Sid\": \"\",\n      \"Effect\": \"Allow\",\n      \"Action\": [\n        \"ec2:DescribeInternetGateways\",\n        \"ec2:DescribeAccountAttributes\"\n      ],\n      \"Resource\": \"*\"\n    }\n  ]\n}",
            "policy_id": "ANPAR4IWHVOB5D4QLPFQN",
            "tags": null,
            "tags_all": {}
          },
          "sensitive_attributes": [],
          "private": "bnVsbA==",
          "dependencies": [
            "module.eks.data.aws_iam_policy_document.cluster_elb_sl_role_creation"
          ]
        }
      ]
    },
    {
      "module": "module.eks",
      "mode": "managed",
      "type": "aws_iam_role",
      "name": "cluster",
      "provider": "provider[\"registry.terraform.io/hashicorp/aws\"]",
      "instances": [
        {
          "index_key": 0,
          "schema_version": 0,
          "attributes": {
            "arn": "arn:aws:iam::129432529795:role/myapp-eks-cluster20210730203610179900000002",
            "assume_role_policy": "{\"Version\":\"2012-10-17\",\"Statement\":[{\"Sid\":\"EKSClusterAssumeRole\",\"Effect\":\"Allow\",\"Principal\":{\"Service\":\"eks.amazonaws.com\"},\"Action\":\"sts:AssumeRole\"}]}",
            "create_date": "2021-07-30T20:36:10Z",
            "description": "",
            "force_detach_policies": true,
            "id": "myapp-eks-cluster20210730203610179900000002",
            "inline_policy": [
              {
                "name": "",
                "policy": ""
              }
            ],
            "managed_policy_arns": [],
            "max_session_duration": 3600,
            "name": "myapp-eks-cluster20210730203610179900000002",
            "name_prefix": "myapp-eks-cluster",
            "path": "/",
            "permissions_boundary": null,
            "tags": {
              "application": "myapp",
              "environment": "dev"
            },
            "tags_all": {
              "application": "myapp",
              "environment": "dev"
            },
            "unique_id": "AROAR4IWHVOBUC5XCYTHZ"
          },
          "sensitive_attributes": [],
          "private": "bnVsbA==",
          "dependencies": [
            "module.eks.data.aws_iam_policy_document.cluster_assume_role_policy"
          ],
          "create_before_destroy": true
        }
      ]
    },
    {
      "module": "module.eks",
      "mode": "managed",
      "type": "aws_iam_role",
      "name": "workers",
      "provider": "provider[\"registry.terraform.io/hashicorp/aws\"]",
      "instances": [
        {
          "index_key": 0,
          "schema_version": 0,
          "attributes": {
            "arn": "arn:aws:iam::129432529795:role/myapp-eks-cluster20210730204611343700000009",
            "assume_role_policy": "{\"Version\":\"2012-10-17\",\"Statement\":[{\"Sid\":\"EKSWorkerAssumeRole\",\"Effect\":\"Allow\",\"Principal\":{\"Service\":\"ec2.amazonaws.com\"},\"Action\":\"sts:AssumeRole\"}]}",
            "create_date": "2021-07-30T20:46:11Z",
            "description": "",
            "force_detach_policies": true,
            "id": "myapp-eks-cluster20210730204611343700000009",
            "inline_policy": [
              {
                "name": "",
                "policy": ""
              }
            ],
            "managed_policy_arns": [],
            "max_session_duration": 3600,
            "name": "myapp-eks-cluster20210730204611343700000009",
            "name_prefix": "myapp-eks-cluster",
            "path": "/",
            "permissions_boundary": null,
            "tags": {
              "application": "myapp",
              "environment": "dev"
            },
            "tags_all": {
              "application": "myapp",
              "environment": "dev"
            },
            "unique_id": "AROAR4IWHVOBUPBDM3QMK"
          },
          "sensitive_attributes": [],
          "private": "bnVsbA==",
          "dependencies": [
            "data.aws_availability_zones.azs",
            "module.eks.aws_cloudwatch_log_group.this",
            "module.eks.aws_eks_cluster.this",
            "module.eks.aws_iam_role.cluster",
            "module.eks.aws_iam_role_policy_attachment.cluster_AmazonEKSClusterPolicy",
            "module.eks.aws_iam_role_policy_attachment.cluster_AmazonEKSServicePolicy",
            "module.eks.aws_iam_role_policy_attachment.cluster_AmazonEKSVPCResourceControllerPolicy",
            "module.eks.aws_security_group.cluster",
            "module.eks.aws_security_group.workers",
            "module.eks.aws_security_group_rule.cluster_egress_internet",
            "module.eks.aws_security_group_rule.cluster_https_worker_ingress",
            "module.eks.data.aws_iam_policy_document.cluster_assume_role_policy",
            "module.eks.data.aws_iam_policy_document.workers_assume_role_policy",
            "module.eks.data.aws_iam_role.custom_cluster_iam_role",
            "module.eks.data.aws_partition.current",
            "module.quarklink-vpc.aws_subnet.private",
            "module.quarklink-vpc.aws_vpc.this",
            "module.quarklink-vpc.aws_vpc_ipv4_cidr_block_association.this"
          ],
          "create_before_destroy": true
        }
      ]
    },
    {
      "module": "module.eks",
      "mode": "managed",
      "type": "aws_iam_role_policy_attachment",
      "name": "cluster_AmazonEKSClusterPolicy",
      "provider": "provider[\"registry.terraform.io/hashicorp/aws\"]",
      "instances": [
        {
          "index_key": 0,
          "schema_version": 0,
          "attributes": {
            "id": "myapp-eks-cluster20210730203610179900000002-20210730203612622900000006",
            "policy_arn": "arn:aws:iam::aws:policy/AmazonEKSClusterPolicy",
            "role": "myapp-eks-cluster20210730203610179900000002"
          },
          "sensitive_attributes": [],
          "private": "bnVsbA==",
          "dependencies": [
            "module.eks.aws_iam_role.cluster",
            "module.eks.data.aws_iam_policy_document.cluster_assume_role_policy",
            "module.eks.data.aws_partition.current"
          ],
          "create_before_destroy": true
        }
      ]
    },
    {
      "module": "module.eks",
      "mode": "managed",
      "type": "aws_iam_role_policy_attachment",
      "name": "cluster_AmazonEKSServicePolicy",
      "provider": "provider[\"registry.terraform.io/hashicorp/aws\"]",
      "instances": [
        {
          "index_key": 0,
          "schema_version": 0,
          "attributes": {
            "id": "myapp-eks-cluster20210730203610179900000002-20210730203612620400000005",
            "policy_arn": "arn:aws:iam::aws:policy/AmazonEKSServicePolicy",
            "role": "myapp-eks-cluster20210730203610179900000002"
          },
          "sensitive_attributes": [],
          "private": "bnVsbA==",
          "dependencies": [
            "module.eks.aws_iam_role.cluster",
            "module.eks.data.aws_iam_policy_document.cluster_assume_role_policy",
            "module.eks.data.aws_partition.current"
          ],
          "create_before_destroy": true
        }
      ]
    },
    {
      "module": "module.eks",
      "mode": "managed",
      "type": "aws_iam_role_policy_attachment",
      "name": "cluster_AmazonEKSVPCResourceControllerPolicy",
      "provider": "provider[\"registry.terraform.io/hashicorp/aws\"]",
      "instances": [
        {
          "index_key": 0,
          "schema_version": 0,
          "attributes": {
            "id": "myapp-eks-cluster20210730203610179900000002-20210730203612620300000004",
            "policy_arn": "arn:aws:iam::aws:policy/AmazonEKSVPCResourceController",
            "role": "myapp-eks-cluster20210730203610179900000002"
          },
          "sensitive_attributes": [],
          "private": "bnVsbA==",
          "dependencies": [
            "module.eks.aws_iam_role.cluster",
            "module.eks.data.aws_iam_policy_document.cluster_assume_role_policy",
            "module.eks.data.aws_partition.current"
          ],
          "create_before_destroy": true
        }
      ]
    },
    {
      "module": "module.eks",
      "mode": "managed",
      "type": "aws_iam_role_policy_attachment",
      "name": "cluster_elb_sl_role_creation",
      "provider": "provider[\"registry.terraform.io/hashicorp/aws\"]",
      "instances": [
        {
          "index_key": 0,
          "schema_version": 0,
          "attributes": {
            "id": "myapp-eks-cluster20210730203610179900000002-20210730203612613000000003",
            "policy_arn": "arn:aws:iam::129432529795:policy/myapp-eks-cluster-elb-sl-role-creation20210730203610179100000001",
            "role": "myapp-eks-cluster20210730203610179900000002"
          },
          "sensitive_attributes": [],
          "private": "bnVsbA==",
          "dependencies": [
            "module.eks.aws_iam_policy.cluster_elb_sl_role_creation",
            "module.eks.aws_iam_role.cluster",
            "module.eks.data.aws_iam_policy_document.cluster_assume_role_policy",
            "module.eks.data.aws_iam_policy_document.cluster_elb_sl_role_creation"
          ]
        }
      ]
    },
    {
      "module": "module.eks",
      "mode": "managed",
      "type": "aws_iam_role_policy_attachment",
      "name": "workers_AmazonEC2ContainerRegistryReadOnly",
      "provider": "provider[\"registry.terraform.io/hashicorp/aws\"]",
      "instances": [
        {
          "index_key": 0,
          "schema_version": 0,
          "attributes": {
            "id": "myapp-eks-cluster20210730204611343700000009-2021073020461378700000000d",
            "policy_arn": "arn:aws:iam::aws:policy/AmazonEC2ContainerRegistryReadOnly",
            "role": "myapp-eks-cluster20210730204611343700000009"
          },
          "sensitive_attributes": [],
          "private": "bnVsbA==",
          "dependencies": [
            "data.aws_availability_zones.azs",
            "module.eks.aws_cloudwatch_log_group.this",
            "module.eks.aws_eks_cluster.this",
            "module.eks.aws_iam_role.cluster",
            "module.eks.aws_iam_role.workers",
            "module.eks.aws_iam_role_policy_attachment.cluster_AmazonEKSClusterPolicy",
            "module.eks.aws_iam_role_policy_attachment.cluster_AmazonEKSServicePolicy",
            "module.eks.aws_iam_role_policy_attachment.cluster_AmazonEKSVPCResourceControllerPolicy",
            "module.eks.aws_security_group.cluster",
            "module.eks.aws_security_group.workers",
            "module.eks.aws_security_group_rule.cluster_egress_internet",
            "module.eks.aws_security_group_rule.cluster_https_worker_ingress",
            "module.eks.data.aws_iam_policy_document.cluster_assume_role_policy",
            "module.eks.data.aws_iam_policy_document.workers_assume_role_policy",
            "module.eks.data.aws_iam_role.custom_cluster_iam_role",
            "module.eks.data.aws_partition.current",
            "module.quarklink-vpc.aws_subnet.private",
            "module.quarklink-vpc.aws_vpc.this",
            "module.quarklink-vpc.aws_vpc_ipv4_cidr_block_association.this"
          ],
          "create_before_destroy": true
        }
      ]
    },
    {
      "module": "module.eks",
      "mode": "managed",
      "type": "aws_iam_role_policy_attachment",
      "name": "workers_AmazonEKSWorkerNodePolicy",
      "provider": "provider[\"registry.terraform.io/hashicorp/aws\"]",
      "instances": [
        {
          "index_key": 0,
          "schema_version": 0,
          "attributes": {
            "id": "myapp-eks-cluster20210730204611343700000009-2021073020461396470000000e",
            "policy_arn": "arn:aws:iam::aws:policy/AmazonEKSWorkerNodePolicy",
            "role": "myapp-eks-cluster20210730204611343700000009"
          },
          "sensitive_attributes": [],
          "private": "bnVsbA==",
          "dependencies": [
            "data.aws_availability_zones.azs",
            "module.eks.aws_cloudwatch_log_group.this",
            "module.eks.aws_eks_cluster.this",
            "module.eks.aws_iam_role.cluster",
            "module.eks.aws_iam_role.workers",
            "module.eks.aws_iam_role_policy_attachment.cluster_AmazonEKSClusterPolicy",
            "module.eks.aws_iam_role_policy_attachment.cluster_AmazonEKSServicePolicy",
            "module.eks.aws_iam_role_policy_attachment.cluster_AmazonEKSVPCResourceControllerPolicy",
            "module.eks.aws_security_group.cluster",
            "module.eks.aws_security_group.workers",
            "module.eks.aws_security_group_rule.cluster_egress_internet",
            "module.eks.aws_security_group_rule.cluster_https_worker_ingress",
            "module.eks.data.aws_iam_policy_document.cluster_assume_role_policy",
            "module.eks.data.aws_iam_policy_document.workers_assume_role_policy",
            "module.eks.data.aws_iam_role.custom_cluster_iam_role",
            "module.eks.data.aws_partition.current",
            "module.quarklink-vpc.aws_subnet.private",
            "module.quarklink-vpc.aws_vpc.this",
            "module.quarklink-vpc.aws_vpc_ipv4_cidr_block_association.this"
          ],
          "create_before_destroy": true
        }
      ]
    },
    {
      "module": "module.eks",
      "mode": "managed",
      "type": "aws_iam_role_policy_attachment",
      "name": "workers_AmazonEKS_CNI_Policy",
      "provider": "provider[\"registry.terraform.io/hashicorp/aws\"]",
      "instances": [
        {
          "index_key": 0,
          "schema_version": 0,
          "attributes": {
            "id": "myapp-eks-cluster20210730204611343700000009-2021073020461375430000000c",
            "policy_arn": "arn:aws:iam::aws:policy/AmazonEKS_CNI_Policy",
            "role": "myapp-eks-cluster20210730204611343700000009"
          },
          "sensitive_attributes": [],
          "private": "bnVsbA==",
          "dependencies": [
            "data.aws_availability_zones.azs",
            "module.eks.aws_cloudwatch_log_group.this",
            "module.eks.aws_eks_cluster.this",
            "module.eks.aws_iam_role.cluster",
            "module.eks.aws_iam_role.workers",
            "module.eks.aws_iam_role_policy_attachment.cluster_AmazonEKSClusterPolicy",
            "module.eks.aws_iam_role_policy_attachment.cluster_AmazonEKSServicePolicy",
            "module.eks.aws_iam_role_policy_attachment.cluster_AmazonEKSVPCResourceControllerPolicy",
            "module.eks.aws_security_group.cluster",
            "module.eks.aws_security_group.workers",
            "module.eks.aws_security_group_rule.cluster_egress_internet",
            "module.eks.aws_security_group_rule.cluster_https_worker_ingress",
            "module.eks.data.aws_iam_policy_document.cluster_assume_role_policy",
            "module.eks.data.aws_iam_policy_document.workers_assume_role_policy",
            "module.eks.data.aws_iam_role.custom_cluster_iam_role",
            "module.eks.data.aws_partition.current",
            "module.quarklink-vpc.aws_subnet.private",
            "module.quarklink-vpc.aws_vpc.this",
            "module.quarklink-vpc.aws_vpc_ipv4_cidr_block_association.this"
          ],
          "create_before_destroy": true
        }
      ]
    },
    {
      "module": "module.eks",
      "mode": "managed",
      "type": "aws_launch_configuration",
      "name": "workers",
      "provider": "provider[\"registry.terraform.io/hashicorp/aws\"]",
      "instances": [
        {
          "index_key": 0,
          "schema_version": 0,
          "attributes": {
            "arn": "arn:aws:autoscaling:us-east-1:129432529795:launchConfiguration:0f70e7a9-b42f-4d3e-b416-f3b43a090de0:launchConfigurationName/myapp-eks-cluster-worker-group-120210730204614695000000010",
            "associate_public_ip_address": false,
            "ebs_block_device": [],
            "ebs_optimized": false,
            "enable_monitoring": true,
            "ephemeral_block_device": [],
            "iam_instance_profile": "myapp-eks-cluster2021073020461328930000000b",
            "id": "myapp-eks-cluster-worker-group-120210730204614695000000010",
            "image_id": "ami-052de3b05836e56bd",
            "instance_type": "t2.micro",
            "key_name": "",
            "metadata_options": [],
            "name": "myapp-eks-cluster-worker-group-120210730204614695000000010",
            "name_prefix": "myapp-eks-cluster-worker-group-1",
            "placement_tenancy": "",
            "root_block_device": [
              {
                "delete_on_termination": true,
                "encrypted": false,
                "iops": 0,
                "throughput": 0,
                "volume_size": 100,
                "volume_type": "gp2"
              }
            ],
            "security_groups": [
              "sg-0428fdb67de74c06e"
            ],
            "spot_price": "",
            "user_data": null,
            "user_data_base64": "IyEvYmluL2Jhc2ggLXhlCgojIEFsbG93IHVzZXIgc3VwcGxpZWQgcHJlIHVzZXJkYXRhIGNvZGUKCgojIEJvb3RzdHJhcCBhbmQgam9pbiB0aGUgY2x1c3RlcgovZXRjL2Vrcy9ib290c3RyYXAuc2ggLS1iNjQtY2x1c3Rlci1jYSAnTFMwdExTMUNSVWRKVGlCRFJWSlVTVVpKUTBGVVJTMHRMUzB0Q2sxSlNVTjVSRU5EUVdKRFowRjNTVUpCWjBsQ1FVUkJUa0puYTNGb2EybEhPWGN3UWtGUmMwWkJSRUZXVFZKTmQwVlJXVVJXVVZGRVJYZHdjbVJYU213S1kyMDFiR1JIVm5wTlFqUllSRlJKZUUxRVkzcE5SRWwzVGtSSmVFMXNiMWhFVkUxNFRVUmplVTlFU1hkT1JFbDRUV3h2ZDBaVVJWUk5Ra1ZIUVRGVlJRcEJlRTFMWVROV2FWcFlTblZhV0ZKc1kzcERRMEZUU1hkRVVWbEtTMjlhU1doMlkwNUJVVVZDUWxGQlJHZG5SVkJCUkVORFFWRnZRMmRuUlVKQlMwNUZDa3h5VVRoaFNsbzVTM0JYV1V3d2RXWlpjSGRuWkd4V2FXUXZTbXBXZGl0V2JIRnhjSFZVVlZkNFFWZGhVVzE1UWtobVVTc3ZVblIwU2pnd2Ntd3ZhSElLTW1wS2NteHpjR0V4Vm1GbGFIVjJTbEJHVjJOS1NHTm5hM0ZSVVRoMmRtSkpkbVU0UzNOemFVUXdhMmhTUVN0cVdEUlFNbVJHVUZsWGMxUnJkR0l3ZHdwdlFtRmlaMVphUnk5RWFIcFlOa2R2ZEVkUGJGUnhha2hxYzJ4SWEyRlJRa3hoTWtwTlprcG5URTlMWlNzdk1IRnlURWh6VEdSd1NtWnlOWEpUVGtoTkNqUndaM1JCTkVwR05rRlpOa1poU2tzeldGVTNlazVTUjNwSlZrVmxhRUZuTVc1U0wwUlJhbVppZFZKQk9WUmphVlZVVlhWM00zaG5WVEJQUlRWTU9ITUtXakUzTkZjMVluSXlLMnhQTm1WSU5VSlNjRWRLT1daelIyMVNkRWsxUTBjME9HOUtVMEl3ZVdJcmEyNU1SemhzTWxCUlkwNUpOV056VDNaQ1dUY3hSd28wWTAxSGVuQjZkMnBCWlVZdmFWRXpXVkpWUTBGM1JVRkJZVTFxVFVORmQwUm5XVVJXVWpCUVFWRklMMEpCVVVSQlowdHJUVUU0UjBFeFZXUkZkMFZDQ2k5M1VVWk5RVTFDUVdZNGQwUlJXVXBMYjFwSmFIWmpUa0ZSUlV4Q1VVRkVaMmRGUWtGRGJXZEVZMHBPUVZwUk9HbzRNbVZ1YlZaUmFFMWtTVGxGYlcwS1NEZEJVbEJ0UXpsa2RrVkZTblJTWlZjMVkydHJTVlZ6V1dGcWMycE1kazgyYTJaWk1DOTBWRlp0WVdoRGVqbFJZVmhESzNRNFoyWXJUM2xCZUV0dE5ncFJPVkZ6ZUZkdFpUbHVObTVzZDJsbVRFRnFWblpLUldGc1ozSjNPR1ZwY25sSVVtOVVjRlZWUkc1SFZIRk9RMGx2VXpsR1NUaFBMelV4Wld0M09FZElDbEJGV0ROU2NrUkZWSEpCZDIxTWEyOUNUR294YVRsNmVWQjZhaTgyTW14cE9FMW5ZVVpuUWtsa1VGcFpURlFyTkZoU0sydHVXbU5rU0ZKNWFWWnRURXNLTkdOcFdWZFBPVEIzT1hoQ1VrcHlkWGw1YTI5eGNVRmlNako1YmtjNFQwcFVVM280Vm5BelpXaGhZWE5yU3pkNlVHSnNLMUZ3UzNRMmFXUnpSV1Z6VUFwUFNWQmtSRXh1VmxwTVFVc3hibGhxYjBSaVZYQXlRa2xKUld0T1ZUUnFVa05SUTBOWlVUSlVjMFZIV0Vsd2QwSlBlamRUVVN0cFRqWTVWVDBLTFMwdExTMUZUa1FnUTBWU1ZFbEdTVU5CVkVVdExTMHRMUW89JyAtLWFwaXNlcnZlci1lbmRwb2ludCAnaHR0cHM6Ly8yNENCMUJENkFFQzZERTYzRDBDMjdDQkE3NDNGREM4Qi5ncjcudXMtZWFzdC0xLmVrcy5hbWF6b25hd3MuY29tJyAgLS1rdWJlbGV0LWV4dHJhLWFyZ3MgIiIgJ215YXBwLWVrcy1jbHVzdGVyJwoKIyBBbGxvdyB1c2VyIHN1cHBsaWVkIHVzZXJkYXRhIGNvZGUKCg==",
            "vpc_classic_link_id": "",
            "vpc_classic_link_security_groups": null
          },
          "sensitive_attributes": [],
          "private": "bnVsbA==",
          "dependencies": [
            "data.aws_availability_zones.azs",
            "module.eks.aws_cloudwatch_log_group.this",
            "module.eks.aws_eks_cluster.this",
            "module.eks.aws_iam_instance_profile.workers",
            "module.eks.aws_iam_role.cluster",
            "module.eks.aws_iam_role.workers",
            "module.eks.aws_iam_role_policy_attachment.cluster_AmazonEKSClusterPolicy",
            "module.eks.aws_iam_role_policy_attachment.cluster_AmazonEKSServicePolicy",
            "module.eks.aws_iam_role_policy_attachment.cluster_AmazonEKSVPCResourceControllerPolicy",
            "module.eks.aws_iam_role_policy_attachment.workers_AmazonEC2ContainerRegistryReadOnly",
            "module.eks.aws_iam_role_policy_attachment.workers_AmazonEKSWorkerNodePolicy",
            "module.eks.aws_iam_role_policy_attachment.workers_AmazonEKS_CNI_Policy",
            "module.eks.aws_iam_role_policy_attachment.workers_additional_policies",
            "module.eks.aws_security_group.cluster",
            "module.eks.aws_security_group.workers",
            "module.eks.aws_security_group_rule.cluster_egress_internet",
            "module.eks.aws_security_group_rule.cluster_https_worker_ingress",
            "module.eks.aws_security_group_rule.cluster_primary_ingress_workers",
            "module.eks.aws_security_group_rule.workers_egress_internet",
            "module.eks.aws_security_group_rule.workers_ingress_cluster",
            "module.eks.aws_security_group_rule.workers_ingress_cluster_https",
            "module.eks.aws_security_group_rule.workers_ingress_cluster_kubelet",
            "module.eks.aws_security_group_rule.workers_ingress_cluster_primary",
            "module.eks.aws_security_group_rule.workers_ingress_self",
            "module.eks.data.aws_ami.eks_worker",
            "module.eks.data.aws_ami.eks_worker_windows",
            "module.eks.data.aws_iam_instance_profile.custom_worker_group_iam_instance_profile",
            "module.eks.data.aws_iam_policy_document.cluster_assume_role_policy",
            "module.eks.data.aws_iam_policy_document.workers_assume_role_policy",
            "module.eks.data.aws_iam_role.custom_cluster_iam_role",
            "module.eks.data.aws_partition.current",
            "module.eks.data.template_file.userdata",
            "module.quarklink-vpc.aws_subnet.private",
            "module.quarklink-vpc.aws_vpc.this",
            "module.quarklink-vpc.aws_vpc_ipv4_cidr_block_association.this"
          ],
          "create_before_destroy": true
        },
        {
          "index_key": 1,
          "schema_version": 0,
          "attributes": {
            "arn": "arn:aws:autoscaling:us-east-1:129432529795:launchConfiguration:d2646226-f3ce-453a-a6fd-79dc155b1b24:launchConfigurationName/myapp-eks-cluster-worker-group-22021073020461469450000000f",
            "associate_public_ip_address": false,
            "ebs_block_device": [],
            "ebs_optimized": false,
            "enable_monitoring": true,
            "ephemeral_block_device": [],
            "iam_instance_profile": "myapp-eks-cluster2021073020461328890000000a",
            "id": "myapp-eks-cluster-worker-group-22021073020461469450000000f",
            "image_id": "ami-052de3b05836e56bd",
            "instance_type": "t2.micro",
            "key_name": "",
            "metadata_options": [],
            "name": "myapp-eks-cluster-worker-group-22021073020461469450000000f",
            "name_prefix": "myapp-eks-cluster-worker-group-2",
            "placement_tenancy": "",
            "root_block_device": [
              {
                "delete_on_termination": true,
                "encrypted": false,
                "iops": 0,
                "throughput": 0,
                "volume_size": 100,
                "volume_type": "gp2"
              }
            ],
            "security_groups": [
              "sg-0428fdb67de74c06e"
            ],
            "spot_price": "",
            "user_data": null,
            "user_data_base64": "IyEvYmluL2Jhc2ggLXhlCgojIEFsbG93IHVzZXIgc3VwcGxpZWQgcHJlIHVzZXJkYXRhIGNvZGUKCgojIEJvb3RzdHJhcCBhbmQgam9pbiB0aGUgY2x1c3RlcgovZXRjL2Vrcy9ib290c3RyYXAuc2ggLS1iNjQtY2x1c3Rlci1jYSAnTFMwdExTMUNSVWRKVGlCRFJWSlVTVVpKUTBGVVJTMHRMUzB0Q2sxSlNVTjVSRU5EUVdKRFowRjNTVUpCWjBsQ1FVUkJUa0puYTNGb2EybEhPWGN3UWtGUmMwWkJSRUZXVFZKTmQwVlJXVVJXVVZGRVJYZHdjbVJYU213S1kyMDFiR1JIVm5wTlFqUllSRlJKZUUxRVkzcE5SRWwzVGtSSmVFMXNiMWhFVkUxNFRVUmplVTlFU1hkT1JFbDRUV3h2ZDBaVVJWUk5Ra1ZIUVRGVlJRcEJlRTFMWVROV2FWcFlTblZhV0ZKc1kzcERRMEZUU1hkRVVWbEtTMjlhU1doMlkwNUJVVVZDUWxGQlJHZG5SVkJCUkVORFFWRnZRMmRuUlVKQlMwNUZDa3h5VVRoaFNsbzVTM0JYV1V3d2RXWlpjSGRuWkd4V2FXUXZTbXBXZGl0V2JIRnhjSFZVVlZkNFFWZGhVVzE1UWtobVVTc3ZVblIwU2pnd2Ntd3ZhSElLTW1wS2NteHpjR0V4Vm1GbGFIVjJTbEJHVjJOS1NHTm5hM0ZSVVRoMmRtSkpkbVU0UzNOemFVUXdhMmhTUVN0cVdEUlFNbVJHVUZsWGMxUnJkR0l3ZHdwdlFtRmlaMVphUnk5RWFIcFlOa2R2ZEVkUGJGUnhha2hxYzJ4SWEyRlJRa3hoTWtwTlprcG5URTlMWlNzdk1IRnlURWh6VEdSd1NtWnlOWEpUVGtoTkNqUndaM1JCTkVwR05rRlpOa1poU2tzeldGVTNlazVTUjNwSlZrVmxhRUZuTVc1U0wwUlJhbVppZFZKQk9WUmphVlZVVlhWM00zaG5WVEJQUlRWTU9ITUtXakUzTkZjMVluSXlLMnhQTm1WSU5VSlNjRWRLT1daelIyMVNkRWsxUTBjME9HOUtVMEl3ZVdJcmEyNU1SemhzTWxCUlkwNUpOV056VDNaQ1dUY3hSd28wWTAxSGVuQjZkMnBCWlVZdmFWRXpXVkpWUTBGM1JVRkJZVTFxVFVORmQwUm5XVVJXVWpCUVFWRklMMEpCVVVSQlowdHJUVUU0UjBFeFZXUkZkMFZDQ2k5M1VVWk5RVTFDUVdZNGQwUlJXVXBMYjFwSmFIWmpUa0ZSUlV4Q1VVRkVaMmRGUWtGRGJXZEVZMHBPUVZwUk9HbzRNbVZ1YlZaUmFFMWtTVGxGYlcwS1NEZEJVbEJ0UXpsa2RrVkZTblJTWlZjMVkydHJTVlZ6V1dGcWMycE1kazgyYTJaWk1DOTBWRlp0WVdoRGVqbFJZVmhESzNRNFoyWXJUM2xCZUV0dE5ncFJPVkZ6ZUZkdFpUbHVObTVzZDJsbVRFRnFWblpLUldGc1ozSjNPR1ZwY25sSVVtOVVjRlZWUkc1SFZIRk9RMGx2VXpsR1NUaFBMelV4Wld0M09FZElDbEJGV0ROU2NrUkZWSEpCZDIxTWEyOUNUR294YVRsNmVWQjZhaTgyTW14cE9FMW5ZVVpuUWtsa1VGcFpURlFyTkZoU0sydHVXbU5rU0ZKNWFWWnRURXNLTkdOcFdWZFBPVEIzT1hoQ1VrcHlkWGw1YTI5eGNVRmlNako1YmtjNFQwcFVVM280Vm5BelpXaGhZWE5yU3pkNlVHSnNLMUZ3UzNRMmFXUnpSV1Z6VUFwUFNWQmtSRXh1VmxwTVFVc3hibGhxYjBSaVZYQXlRa2xKUld0T1ZUUnFVa05SUTBOWlVUSlVjMFZIV0Vsd2QwSlBlamRUVVN0cFRqWTVWVDBLTFMwdExTMUZUa1FnUTBWU1ZFbEdTVU5CVkVVdExTMHRMUW89JyAtLWFwaXNlcnZlci1lbmRwb2ludCAnaHR0cHM6Ly8yNENCMUJENkFFQzZERTYzRDBDMjdDQkE3NDNGREM4Qi5ncjcudXMtZWFzdC0xLmVrcy5hbWF6b25hd3MuY29tJyAgLS1rdWJlbGV0LWV4dHJhLWFyZ3MgIiIgJ215YXBwLWVrcy1jbHVzdGVyJwoKIyBBbGxvdyB1c2VyIHN1cHBsaWVkIHVzZXJkYXRhIGNvZGUKCg==",
            "vpc_classic_link_id": "",
            "vpc_classic_link_security_groups": null
          },
          "sensitive_attributes": [],
          "private": "bnVsbA==",
          "dependencies": [
            "data.aws_availability_zones.azs",
            "module.eks.aws_cloudwatch_log_group.this",
            "module.eks.aws_eks_cluster.this",
            "module.eks.aws_iam_instance_profile.workers",
            "module.eks.aws_iam_role.cluster",
            "module.eks.aws_iam_role.workers",
            "module.eks.aws_iam_role_policy_attachment.cluster_AmazonEKSClusterPolicy",
            "module.eks.aws_iam_role_policy_attachment.cluster_AmazonEKSServicePolicy",
            "module.eks.aws_iam_role_policy_attachment.cluster_AmazonEKSVPCResourceControllerPolicy",
            "module.eks.aws_iam_role_policy_attachment.workers_AmazonEC2ContainerRegistryReadOnly",
            "module.eks.aws_iam_role_policy_attachment.workers_AmazonEKSWorkerNodePolicy",
            "module.eks.aws_iam_role_policy_attachment.workers_AmazonEKS_CNI_Policy",
            "module.eks.aws_iam_role_policy_attachment.workers_additional_policies",
            "module.eks.aws_security_group.cluster",
            "module.eks.aws_security_group.workers",
            "module.eks.aws_security_group_rule.cluster_egress_internet",
            "module.eks.aws_security_group_rule.cluster_https_worker_ingress",
            "module.eks.aws_security_group_rule.cluster_primary_ingress_workers",
            "module.eks.aws_security_group_rule.workers_egress_internet",
            "module.eks.aws_security_group_rule.workers_ingress_cluster",
            "module.eks.aws_security_group_rule.workers_ingress_cluster_https",
            "module.eks.aws_security_group_rule.workers_ingress_cluster_kubelet",
            "module.eks.aws_security_group_rule.workers_ingress_cluster_primary",
            "module.eks.aws_security_group_rule.workers_ingress_self",
            "module.eks.data.aws_ami.eks_worker",
            "module.eks.data.aws_ami.eks_worker_windows",
            "module.eks.data.aws_iam_instance_profile.custom_worker_group_iam_instance_profile",
            "module.eks.data.aws_iam_policy_document.cluster_assume_role_policy",
            "module.eks.data.aws_iam_policy_document.workers_assume_role_policy",
            "module.eks.data.aws_iam_role.custom_cluster_iam_role",
            "module.eks.data.aws_partition.current",
            "module.eks.data.template_file.userdata",
            "module.quarklink-vpc.aws_subnet.private",
            "module.quarklink-vpc.aws_vpc.this",
            "module.quarklink-vpc.aws_vpc_ipv4_cidr_block_association.this"
          ],
          "create_before_destroy": true
        }
      ]
    },
    {
      "module": "module.eks",
      "mode": "managed",
      "type": "aws_security_group",
      "name": "cluster",
      "provider": "provider[\"registry.terraform.io/hashicorp/aws\"]",
      "instances": [
        {
          "index_key": 0,
          "schema_version": 1,
          "attributes": {
            "arn": "arn:aws:ec2:us-east-1:129432529795:security-group/sg-0c1f54a17ef469fc1",
            "description": "EKS cluster security group.",
            "egress": [],
            "id": "sg-0c1f54a17ef469fc1",
            "ingress": [],
            "name": "myapp-eks-cluster20210730203627082000000007",
            "name_prefix": "myapp-eks-cluster",
            "owner_id": "129432529795",
            "revoke_rules_on_delete": false,
            "tags": {
              "Name": "myapp-eks-cluster-eks_cluster_sg",
              "application": "myapp",
              "environment": "dev"
            },
            "tags_all": {
              "Name": "myapp-eks-cluster-eks_cluster_sg",
              "application": "myapp",
              "environment": "dev"
            },
            "timeouts": null,
            "vpc_id": "vpc-042d9d8169115d20f"
          },
          "sensitive_attributes": [],
          "private": "eyJlMmJmYjczMC1lY2FhLTExZTYtOGY4OC0zNDM2M2JjN2M0YzAiOnsiY3JlYXRlIjo2MDAwMDAwMDAwMDAsImRlbGV0ZSI6OTAwMDAwMDAwMDAwfSwic2NoZW1hX3ZlcnNpb24iOiIxIn0=",
          "dependencies": [
            "module.quarklink-vpc.aws_vpc.this"
          ],
          "create_before_destroy": true
        }
      ]
    },
    {
      "module": "module.eks",
      "mode": "managed",
      "type": "aws_security_group",
      "name": "workers",
      "provider": "provider[\"registry.terraform.io/hashicorp/aws\"]",
      "instances": [
        {
          "index_key": 0,
          "schema_version": 1,
          "attributes": {
            "arn": "arn:aws:ec2:us-east-1:129432529795:security-group/sg-0428fdb67de74c06e",
            "description": "Security group for all nodes in the cluster.",
            "egress": [],
            "id": "sg-0428fdb67de74c06e",
            "ingress": [],
            "name": "myapp-eks-cluster20210730203628707200000008",
            "name_prefix": "myapp-eks-cluster",
            "owner_id": "129432529795",
            "revoke_rules_on_delete": false,
            "tags": {
              "Name": "myapp-eks-cluster-eks_worker_sg",
              "application": "myapp",
              "environment": "dev",
              "kubernetes.io/cluster/myapp-eks-cluster": "owned"
            },
            "tags_all": {
              "Name": "myapp-eks-cluster-eks_worker_sg",
              "application": "myapp",
              "environment": "dev",
              "kubernetes.io/cluster/myapp-eks-cluster": "owned"
            },
            "timeouts": null,
            "vpc_id": "vpc-042d9d8169115d20f"
          },
          "sensitive_attributes": [],
          "private": "eyJlMmJmYjczMC1lY2FhLTExZTYtOGY4OC0zNDM2M2JjN2M0YzAiOnsiY3JlYXRlIjo2MDAwMDAwMDAwMDAsImRlbGV0ZSI6OTAwMDAwMDAwMDAwfSwic2NoZW1hX3ZlcnNpb24iOiIxIn0=",
          "dependencies": [
            "module.quarklink-vpc.aws_vpc.this"
          ],
          "create_before_destroy": true
        }
      ]
    },
    {
      "module": "module.eks",
      "mode": "managed",
      "type": "aws_security_group_rule",
      "name": "cluster_egress_internet",
      "provider": "provider[\"registry.terraform.io/hashicorp/aws\"]",
      "instances": [
        {
          "index_key": 0,
          "schema_version": 2,
          "attributes": {
            "cidr_blocks": [
              "0.0.0.0/0"
            ],
            "description": "Allow cluster egress access to the Internet.",
            "from_port": 0,
            "id": "sgrule-1453427055",
            "ipv6_cidr_blocks": null,
            "prefix_list_ids": null,
            "protocol": "-1",
            "security_group_id": "sg-0c1f54a17ef469fc1",
            "self": false,
            "source_security_group_id": null,
            "to_port": 0,
            "type": "egress"
          },
          "sensitive_attributes": [],
          "private": "eyJzY2hlbWFfdmVyc2lvbiI6IjIifQ==",
          "dependencies": [
            "module.eks.aws_security_group.cluster",
            "module.quarklink-vpc.aws_vpc.this"
          ],
          "create_before_destroy": true
        }
      ]
    },
    {
      "module": "module.eks",
      "mode": "managed",
      "type": "aws_security_group_rule",
      "name": "cluster_https_worker_ingress",
      "provider": "provider[\"registry.terraform.io/hashicorp/aws\"]",
      "instances": [
        {
          "index_key": 0,
          "schema_version": 2,
          "attributes": {
            "cidr_blocks": null,
            "description": "Allow pods to communicate with the EKS cluster API.",
            "from_port": 443,
            "id": "sgrule-2233924191",
            "ipv6_cidr_blocks": null,
            "prefix_list_ids": null,
            "protocol": "tcp",
            "security_group_id": "sg-0c1f54a17ef469fc1",
            "self": false,
            "source_security_group_id": "sg-0428fdb67de74c06e",
            "to_port": 443,
            "type": "ingress"
          },
          "sensitive_attributes": [],
          "private": "eyJzY2hlbWFfdmVyc2lvbiI6IjIifQ==",
          "dependencies": [
            "module.eks.aws_security_group.cluster",
            "module.eks.aws_security_group.workers",
            "module.quarklink-vpc.aws_vpc.this"
          ],
          "create_before_destroy": true
        }
      ]
    },
    {
      "module": "module.eks",
      "mode": "managed",
      "type": "aws_security_group_rule",
      "name": "workers_egress_internet",
      "provider": "provider[\"registry.terraform.io/hashicorp/aws\"]",
      "instances": [
        {
          "index_key": 0,
          "schema_version": 2,
          "attributes": {
            "cidr_blocks": [
              "0.0.0.0/0"
            ],
            "description": "Allow nodes all egress to the Internet.",
            "from_port": 0,
            "id": "sgrule-2083482788",
            "ipv6_cidr_blocks": null,
            "prefix_list_ids": null,
            "protocol": "-1",
            "security_group_id": "sg-0428fdb67de74c06e",
            "self": false,
            "source_security_group_id": null,
            "to_port": 0,
            "type": "egress"
          },
          "sensitive_attributes": [],
          "private": "eyJzY2hlbWFfdmVyc2lvbiI6IjIifQ==",
          "dependencies": [
            "module.eks.aws_security_group.workers",
            "module.quarklink-vpc.aws_vpc.this"
          ],
          "create_before_destroy": true
        }
      ]
    },
    {
      "module": "module.eks",
      "mode": "managed",
      "type": "aws_security_group_rule",
      "name": "workers_ingress_cluster",
      "provider": "provider[\"registry.terraform.io/hashicorp/aws\"]",
      "instances": [
        {
          "index_key": 0,
          "schema_version": 2,
          "attributes": {
            "cidr_blocks": null,
            "description": "Allow workers pods to receive communication from the cluster control plane.",
            "from_port": 1025,
            "id": "sgrule-2024398469",
            "ipv6_cidr_blocks": null,
            "prefix_list_ids": null,
            "protocol": "tcp",
            "security_group_id": "sg-0428fdb67de74c06e",
            "self": false,
            "source_security_group_id": "sg-0c1f54a17ef469fc1",
            "to_port": 65535,
            "type": "ingress"
          },
          "sensitive_attributes": [],
          "private": "eyJzY2hlbWFfdmVyc2lvbiI6IjIifQ==",
          "dependencies": [
            "module.eks.aws_security_group.cluster",
            "module.eks.aws_security_group.workers",
            "module.quarklink-vpc.aws_vpc.this"
          ],
          "create_before_destroy": true
        }
      ]
    },
    {
      "module": "module.eks",
      "mode": "managed",
      "type": "aws_security_group_rule",
      "name": "workers_ingress_cluster_https",
      "provider": "provider[\"registry.terraform.io/hashicorp/aws\"]",
      "instances": [
        {
          "index_key": 0,
          "schema_version": 2,
          "attributes": {
            "cidr_blocks": null,
            "description": "Allow pods running extension API servers on port 443 to receive communication from cluster control plane.",
            "from_port": 443,
            "id": "sgrule-2283580772",
            "ipv6_cidr_blocks": null,
            "prefix_list_ids": null,
            "protocol": "tcp",
            "security_group_id": "sg-0428fdb67de74c06e",
            "self": false,
            "source_security_group_id": "sg-0c1f54a17ef469fc1",
            "to_port": 443,
            "type": "ingress"
          },
          "sensitive_attributes": [],
          "private": "eyJzY2hlbWFfdmVyc2lvbiI6IjIifQ==",
          "dependencies": [
            "module.eks.aws_security_group.cluster",
            "module.eks.aws_security_group.workers",
            "module.quarklink-vpc.aws_vpc.this"
          ],
          "create_before_destroy": true
        }
      ]
    },
    {
      "module": "module.eks",
      "mode": "managed",
      "type": "aws_security_group_rule",
      "name": "workers_ingress_self",
      "provider": "provider[\"registry.terraform.io/hashicorp/aws\"]",
      "instances": [
        {
          "index_key": 0,
          "schema_version": 2,
          "attributes": {
            "cidr_blocks": null,
            "description": "Allow node to communicate with each other.",
            "from_port": 0,
            "id": "sgrule-2825095872",
            "ipv6_cidr_blocks": null,
            "prefix_list_ids": null,
            "protocol": "-1",
            "security_group_id": "sg-0428fdb67de74c06e",
            "self": false,
            "source_security_group_id": "sg-0428fdb67de74c06e",
            "to_port": 65535,
            "type": "ingress"
          },
          "sensitive_attributes": [],
          "private": "eyJzY2hlbWFfdmVyc2lvbiI6IjIifQ==",
          "dependencies": [
            "module.eks.aws_security_group.workers",
            "module.quarklink-vpc.aws_vpc.this"
          ],
          "create_before_destroy": true
        }
      ]
    },
    {
      "module": "module.eks",
      "mode": "managed",
      "type": "kubernetes_config_map",
      "name": "aws_auth",
      "provider": "provider[\"registry.terraform.io/hashicorp/kubernetes\"]",
      "instances": [
        {
          "index_key": 0,
          "schema_version": 0,
          "attributes": {
            "binary_data": null,
            "data": {
              "mapAccounts": "[]\n",
              "mapRoles": "- \"groups\":\n  - \"system:bootstrappers\"\n  - \"system:nodes\"\n  \"rolearn\": \"arn:aws:iam::129432529795:role/myapp-eks-cluster20210730204611343700000009\"\n  \"username\": \"system:node:{{EC2PrivateDNSName}}\"\n",
              "mapUsers": "[]\n"
            },
            "id": "kube-system/aws-auth",
            "metadata": [
              {
                "annotations": null,
                "generate_name": "",
                "generation": 0,
                "labels": {
                  "app.kubernetes.io/managed-by": "Terraform",
                  "terraform.io/module": "terraform-aws-modules.eks.aws"
                },
                "name": "aws-auth",
                "namespace": "kube-system",
                "resource_version": "674",
                "uid": "30733c90-e0ca-42a5-baf8-0b6e2375fe3b"
              }
            ]
          },
          "sensitive_attributes": [],
          "private": "bnVsbA==",
          "dependencies": [
            "data.aws_availability_zones.azs",
            "data.aws_eks_cluster.myapp-cluster",
            "data.aws_eks_cluster_auth.myapp-cluster",
            "module.eks.aws_cloudwatch_log_group.this",
            "module.eks.aws_eks_cluster.this",
            "module.eks.aws_iam_instance_profile.workers",
            "module.eks.aws_iam_instance_profile.workers_launch_template",
            "module.eks.aws_iam_role.cluster",
            "module.eks.aws_iam_role.workers",
            "module.eks.aws_iam_role_policy_attachment.cluster_AmazonEKSClusterPolicy",
            "module.eks.aws_iam_role_policy_attachment.cluster_AmazonEKSServicePolicy",
            "module.eks.aws_iam_role_policy_attachment.cluster_AmazonEKSVPCResourceControllerPolicy",
            "module.eks.aws_security_group.cluster",
            "module.eks.aws_security_group.workers",
            "module.eks.aws_security_group_rule.cluster_egress_internet",
            "module.eks.aws_security_group_rule.cluster_https_worker_ingress",
            "module.eks.aws_security_group_rule.cluster_private_access",
            "module.eks.data.aws_ami.eks_worker",
            "module.eks.data.aws_caller_identity.current",
            "module.eks.data.aws_iam_instance_profile.custom_worker_group_iam_instance_profile",
            "module.eks.data.aws_iam_instance_profile.custom_worker_group_launch_template_iam_instance_profile",
            "module.eks.data.aws_iam_policy_document.cluster_assume_role_policy",
            "module.eks.data.aws_iam_policy_document.workers_assume_role_policy",
            "module.eks.data.aws_iam_role.custom_cluster_iam_role",
            "module.eks.data.aws_partition.current",
            "module.eks.module.fargate.aws_iam_role.eks_fargate_pod",
            "module.eks.module.fargate.data.aws_iam_role.custom_fargate_iam_role",
            "module.eks.null_resource.wait_for_cluster",
            "module.quarklink-vpc.aws_subnet.private",
            "module.quarklink-vpc.aws_vpc.this",
            "module.quarklink-vpc.aws_vpc_ipv4_cidr_block_association.this"
          ]
        }
      ]
    },
    {
      "module": "module.eks",
      "mode": "managed",
      "type": "local_file",
      "name": "kubeconfig",
      "provider": "provider[\"registry.terraform.io/hashicorp/local\"]",
      "instances": [
        {
          "index_key": 0,
          "schema_version": 0,
          "attributes": {
            "content": "apiVersion: v1\npreferences: {}\nkind: Config\n\nclusters:\n- cluster:\n    server: https://24CB1BD6AEC6DE63D0C27CBA743FDC8B.gr7.us-east-1.eks.amazonaws.com\n    certificate-authority-data: LS0tLS1CRUdJTiBDRVJUSUZJQ0FURS0tLS0tCk1JSUN5RENDQWJDZ0F3SUJBZ0lCQURBTkJna3Foa2lHOXcwQkFRc0ZBREFWTVJNd0VRWURWUVFERXdwcmRXSmwKY201bGRHVnpNQjRYRFRJeE1EY3pNREl3TkRJeE1sb1hEVE14TURjeU9ESXdOREl4TWxvd0ZURVRNQkVHQTFVRQpBeE1LYTNWaVpYSnVaWFJsY3pDQ0FTSXdEUVlKS29aSWh2Y05BUUVCQlFBRGdnRVBBRENDQVFvQ2dnRUJBS05FCkxyUThhSlo5S3BXWUwwdWZZcHdnZGxWaWQvSmpWditWbHFxcHVUVVd4QVdhUW15QkhmUSsvUnR0SjgwcmwvaHIKMmpKcmxzcGExVmFlaHV2SlBGV2NKSGNna3FRUTh2dmJJdmU4S3NzaUQwa2hSQStqWDRQMmRGUFlXc1RrdGIwdwpvQmFiZ1ZaRy9EaHpYNkdvdEdPbFRxakhqc2xIa2FRQkxhMkpNZkpnTE9LZSsvMHFyTEhzTGRwSmZyNXJTTkhNCjRwZ3RBNEpGNkFZNkZhSkszWFU3ek5SR3pJVkVlaEFnMW5SL0RRamZidVJBOVRjaVVUVXV3M3hnVTBPRTVMOHMKWjE3NFc1YnIyK2xPNmVINUJScEdKOWZzR21SdEk1Q0c0OG9KU0IweWIra25MRzhsMlBRY05JNWNzT3ZCWTcxRwo0Y01HenB6d2pBZUYvaVEzWVJVQ0F3RUFBYU1qTUNFd0RnWURWUjBQQVFIL0JBUURBZ0trTUE4R0ExVWRFd0VCCi93UUZNQU1CQWY4d0RRWUpLb1pJaHZjTkFRRUxCUUFEZ2dFQkFDbWdEY0pOQVpROGo4MmVubVZRaE1kSTlFbW0KSDdBUlBtQzlkdkVFSnRSZVc1Y2trSVVzWWFqc2pMdk82a2ZZMC90VFZtYWhDejlRYVhDK3Q4Z2YrT3lBeEttNgpROVFzeFdtZTluNm5sd2lmTEFqVnZKRWFsZ3J3OGVpcnlIUm9UcFVVRG5HVHFOQ0lvUzlGSThPLzUxZWt3OEdIClBFWDNSckRFVHJBd21Ma29CTGoxaTl6eVB6ai82MmxpOE1nYUZnQklkUFpZTFQrNFhSK2tuWmNkSFJ5aVZtTEsKNGNpWVdPOTB3OXhCUkpydXl5a29xcUFiMjJ5bkc4T0pUU3o4VnAzZWhhYXNrSzd6UGJsK1FwS3Q2aWRzRWVzUApPSVBkRExuVlpMQUsxblhqb0RiVXAyQklJRWtOVTRqUkNRQ0NZUTJUc0VHWElwd0JPejdTUStpTjY5VT0KLS0tLS1FTkQgQ0VSVElGSUNBVEUtLS0tLQo=\n  name: eks_myapp-eks-cluster\n\ncontexts:\n- context:\n    cluster: eks_myapp-eks-cluster\n    user: eks_myapp-eks-cluster\n  name: eks_myapp-eks-cluster\n\ncurrent-context: eks_myapp-eks-cluster\n\nusers:\n- name: eks_myapp-eks-cluster\n  user:\n    exec:\n      apiVersion: client.authentication.k8s.io/v1alpha1\n      command: aws-iam-authenticator\n      args:\n        - \"token\"\n        - \"-i\"\n        - \"myapp-eks-cluster\"\n",
            "content_base64": null,
            "directory_permission": "0755",
            "file_permission": "0644",
            "filename": "./kubeconfig_myapp-eks-cluster",
            "id": "c0fc7e606e42144a24cb262bcc4aafa188640177",
            "sensitive_content": null,
            "source": null
          },
          "sensitive_attributes": [],
          "private": "bnVsbA==",
          "dependencies": [
            "data.aws_availability_zones.azs",
            "module.eks.aws_cloudwatch_log_group.this",
            "module.eks.aws_eks_cluster.this",
            "module.eks.aws_iam_role.cluster",
            "module.eks.aws_iam_role_policy_attachment.cluster_AmazonEKSClusterPolicy",
            "module.eks.aws_iam_role_policy_attachment.cluster_AmazonEKSServicePolicy",
            "module.eks.aws_iam_role_policy_attachment.cluster_AmazonEKSVPCResourceControllerPolicy",
            "module.eks.aws_security_group.cluster",
            "module.eks.aws_security_group.workers",
            "module.eks.aws_security_group_rule.cluster_egress_internet",
            "module.eks.aws_security_group_rule.cluster_https_worker_ingress",
            "module.eks.data.aws_iam_policy_document.cluster_assume_role_policy",
            "module.eks.data.aws_iam_role.custom_cluster_iam_role",
            "module.eks.data.aws_partition.current",
            "module.quarklink-vpc.aws_subnet.private",
            "module.quarklink-vpc.aws_vpc.this",
            "module.quarklink-vpc.aws_vpc_ipv4_cidr_block_association.this"
          ]
        }
      ]
    },
    {
      "module": "module.eks",
      "mode": "managed",
      "type": "null_resource",
      "name": "wait_for_cluster",
      "provider": "provider[\"registry.terraform.io/hashicorp/null\"]",
      "instances": [
        {
          "index_key": 0,
          "schema_version": 0,
          "attributes": {
            "id": "3935619049622109486",
            "triggers": null
          },
          "sensitive_attributes": [],
          "private": "bnVsbA==",
          "dependencies": [
            "data.aws_availability_zones.azs",
            "module.eks.aws_cloudwatch_log_group.this",
            "module.eks.aws_eks_cluster.this",
            "module.eks.aws_iam_role.cluster",
            "module.eks.aws_iam_role_policy_attachment.cluster_AmazonEKSClusterPolicy",
            "module.eks.aws_iam_role_policy_attachment.cluster_AmazonEKSServicePolicy",
            "module.eks.aws_iam_role_policy_attachment.cluster_AmazonEKSVPCResourceControllerPolicy",
            "module.eks.aws_security_group.cluster",
            "module.eks.aws_security_group.workers",
            "module.eks.aws_security_group_rule.cluster_egress_internet",
            "module.eks.aws_security_group_rule.cluster_https_worker_ingress",
            "module.eks.aws_security_group_rule.cluster_private_access",
            "module.eks.data.aws_iam_policy_document.cluster_assume_role_policy",
            "module.eks.data.aws_iam_role.custom_cluster_iam_role",
            "module.eks.data.aws_partition.current",
            "module.quarklink-vpc.aws_subnet.private",
            "module.quarklink-vpc.aws_vpc.this",
            "module.quarklink-vpc.aws_vpc_ipv4_cidr_block_association.this"
          ]
        }
      ]
    },
    {
      "module": "module.eks",
      "mode": "managed",
      "type": "random_pet",
      "name": "workers",
      "provider": "provider[\"registry.terraform.io/hashicorp/random\"]",
      "instances": [
        {
          "index_key": 0,
          "schema_version": 0,
          "attributes": {
            "id": "advanced-cockatoo",
            "keepers": {
              "lc_name": "myapp-eks-cluster-worker-group-120210730204614695000000010"
            },
            "length": 2,
            "prefix": null,
            "separator": "-"
          },
          "sensitive_attributes": [],
          "private": "bnVsbA==",
          "dependencies": [
            "data.aws_availability_zones.azs",
            "module.eks.aws_cloudwatch_log_group.this",
            "module.eks.aws_eks_cluster.this",
            "module.eks.aws_iam_instance_profile.workers",
            "module.eks.aws_iam_role.cluster",
            "module.eks.aws_iam_role.workers",
            "module.eks.aws_iam_role_policy_attachment.cluster_AmazonEKSClusterPolicy",
            "module.eks.aws_iam_role_policy_attachment.cluster_AmazonEKSServicePolicy",
            "module.eks.aws_iam_role_policy_attachment.cluster_AmazonEKSVPCResourceControllerPolicy",
            "module.eks.aws_iam_role_policy_attachment.workers_AmazonEC2ContainerRegistryReadOnly",
            "module.eks.aws_iam_role_policy_attachment.workers_AmazonEKSWorkerNodePolicy",
            "module.eks.aws_iam_role_policy_attachment.workers_AmazonEKS_CNI_Policy",
            "module.eks.aws_iam_role_policy_attachment.workers_additional_policies",
            "module.eks.aws_launch_configuration.workers",
            "module.eks.aws_security_group.cluster",
            "module.eks.aws_security_group.workers",
            "module.eks.aws_security_group_rule.cluster_egress_internet",
            "module.eks.aws_security_group_rule.cluster_https_worker_ingress",
            "module.eks.aws_security_group_rule.cluster_primary_ingress_workers",
            "module.eks.aws_security_group_rule.workers_egress_internet",
            "module.eks.aws_security_group_rule.workers_ingress_cluster",
            "module.eks.aws_security_group_rule.workers_ingress_cluster_https",
            "module.eks.aws_security_group_rule.workers_ingress_cluster_kubelet",
            "module.eks.aws_security_group_rule.workers_ingress_cluster_primary",
            "module.eks.aws_security_group_rule.workers_ingress_self",
            "module.eks.data.aws_ami.eks_worker",
            "module.eks.data.aws_ami.eks_worker_windows",
            "module.eks.data.aws_iam_instance_profile.custom_worker_group_iam_instance_profile",
            "module.eks.data.aws_iam_policy_document.cluster_assume_role_policy",
            "module.eks.data.aws_iam_policy_document.workers_assume_role_policy",
            "module.eks.data.aws_iam_role.custom_cluster_iam_role",
            "module.eks.data.aws_partition.current",
            "module.eks.data.template_file.userdata",
            "module.quarklink-vpc.aws_subnet.private",
            "module.quarklink-vpc.aws_vpc.this",
            "module.quarklink-vpc.aws_vpc_ipv4_cidr_block_association.this"
          ],
          "create_before_destroy": true
        },
        {
          "index_key": 1,
          "schema_version": 0,
          "attributes": {
            "id": "united-caiman",
            "keepers": {
              "lc_name": "myapp-eks-cluster-worker-group-22021073020461469450000000f"
            },
            "length": 2,
            "prefix": null,
            "separator": "-"
          },
          "sensitive_attributes": [],
          "private": "bnVsbA==",
          "dependencies": [
            "data.aws_availability_zones.azs",
            "module.eks.aws_cloudwatch_log_group.this",
            "module.eks.aws_eks_cluster.this",
            "module.eks.aws_iam_instance_profile.workers",
            "module.eks.aws_iam_role.cluster",
            "module.eks.aws_iam_role.workers",
            "module.eks.aws_iam_role_policy_attachment.cluster_AmazonEKSClusterPolicy",
            "module.eks.aws_iam_role_policy_attachment.cluster_AmazonEKSServicePolicy",
            "module.eks.aws_iam_role_policy_attachment.cluster_AmazonEKSVPCResourceControllerPolicy",
            "module.eks.aws_iam_role_policy_attachment.workers_AmazonEC2ContainerRegistryReadOnly",
            "module.eks.aws_iam_role_policy_attachment.workers_AmazonEKSWorkerNodePolicy",
            "module.eks.aws_iam_role_policy_attachment.workers_AmazonEKS_CNI_Policy",
            "module.eks.aws_iam_role_policy_attachment.workers_additional_policies",
            "module.eks.aws_launch_configuration.workers",
            "module.eks.aws_security_group.cluster",
            "module.eks.aws_security_group.workers",
            "module.eks.aws_security_group_rule.cluster_egress_internet",
            "module.eks.aws_security_group_rule.cluster_https_worker_ingress",
            "module.eks.aws_security_group_rule.cluster_primary_ingress_workers",
            "module.eks.aws_security_group_rule.workers_egress_internet",
            "module.eks.aws_security_group_rule.workers_ingress_cluster",
            "module.eks.aws_security_group_rule.workers_ingress_cluster_https",
            "module.eks.aws_security_group_rule.workers_ingress_cluster_kubelet",
            "module.eks.aws_security_group_rule.workers_ingress_cluster_primary",
            "module.eks.aws_security_group_rule.workers_ingress_self",
            "module.eks.data.aws_ami.eks_worker",
            "module.eks.data.aws_ami.eks_worker_windows",
            "module.eks.data.aws_iam_instance_profile.custom_worker_group_iam_instance_profile",
            "module.eks.data.aws_iam_policy_document.cluster_assume_role_policy",
            "module.eks.data.aws_iam_policy_document.workers_assume_role_policy",
            "module.eks.data.aws_iam_role.custom_cluster_iam_role",
            "module.eks.data.aws_partition.current",
            "module.eks.data.template_file.userdata",
            "module.quarklink-vpc.aws_subnet.private",
            "module.quarklink-vpc.aws_vpc.this",
            "module.quarklink-vpc.aws_vpc_ipv4_cidr_block_association.this"
          ],
          "create_before_destroy": true
        }
      ]
    },
    {
      "module": "module.quarklink-vpc",
      "mode": "managed",
      "type": "aws_eip",
      "name": "nat",
      "provider": "provider[\"registry.terraform.io/hashicorp/aws\"]",
      "instances": [
        {
          "index_key": 0,
          "schema_version": 0,
          "attributes": {
            "address": null,
            "allocation_id": null,
            "associate_with_private_ip": null,
            "association_id": "",
            "carrier_ip": "",
            "customer_owned_ip": "",
            "customer_owned_ipv4_pool": "",
            "domain": "vpc",
            "id": "eipalloc-0f6d332acd702caf0",
            "instance": "",
            "network_border_group": "us-east-1",
            "network_interface": "",
            "private_dns": null,
            "private_ip": "",
            "public_dns": "ec2-18-210-119-18.compute-1.amazonaws.com",
            "public_ip": "18.210.119.18",
            "public_ipv4_pool": "amazon",
            "tags": {
              "Name": "quarklink-vpc-us-east-1a",
              "kubernetes.io/cluster/myapp-eks-cluster": "shared"
            },
            "tags_all": {
              "Name": "quarklink-vpc-us-east-1a",
              "kubernetes.io/cluster/myapp-eks-cluster": "shared"
            },
            "timeouts": null,
            "vpc": true
          },
          "sensitive_attributes": [],
          "private": "eyJlMmJmYjczMC1lY2FhLTExZTYtOGY4OC0zNDM2M2JjN2M0YzAiOnsiZGVsZXRlIjoxODAwMDAwMDAwMDAsInJlYWQiOjkwMDAwMDAwMDAwMCwidXBkYXRlIjozMDAwMDAwMDAwMDB9fQ==",
          "dependencies": [
            "data.aws_availability_zones.azs"
          ]
        }
      ]
    },
    {
      "module": "module.quarklink-vpc",
      "mode": "managed",
      "type": "aws_internet_gateway",
      "name": "this",
      "provider": "provider[\"registry.terraform.io/hashicorp/aws\"]",
      "instances": [
        {
          "index_key": 0,
          "schema_version": 0,
          "attributes": {
            "arn": "arn:aws:ec2:us-east-1:129432529795:internet-gateway/igw-077f46b9ae637cd7d",
            "id": "igw-077f46b9ae637cd7d",
            "owner_id": "129432529795",
            "tags": {
              "Name": "quarklink-vpc",
              "kubernetes.io/cluster/myapp-eks-cluster": "shared"
            },
            "tags_all": {
              "Name": "quarklink-vpc",
              "kubernetes.io/cluster/myapp-eks-cluster": "shared"
            },
            "vpc_id": "vpc-042d9d8169115d20f"
          },
          "sensitive_attributes": [],
          "private": "bnVsbA==",
          "dependencies": [
            "module.quarklink-vpc.aws_vpc.this",
            "module.quarklink-vpc.aws_vpc_ipv4_cidr_block_association.this"
          ]
        }
      ]
    },
    {
      "module": "module.quarklink-vpc",
      "mode": "managed",
      "type": "aws_nat_gateway",
      "name": "this",
      "provider": "provider[\"registry.terraform.io/hashicorp/aws\"]",
      "instances": [
        {
          "index_key": 0,
          "schema_version": 0,
          "attributes": {
            "allocation_id": "eipalloc-0f6d332acd702caf0",
            "connectivity_type": "public",
            "id": "nat-07936f7ffe86ae5e8",
            "network_interface_id": "eni-062ba4ab451e51f3b",
            "private_ip": "10.0.4.225",
            "public_ip": "18.210.119.18",
            "subnet_id": "subnet-0ca4c5f49fb43f672",
            "tags": {
              "Name": "quarklink-vpc-us-east-1a",
              "kubernetes.io/cluster/myapp-eks-cluster": "shared"
            },
            "tags_all": {
              "Name": "quarklink-vpc-us-east-1a",
              "kubernetes.io/cluster/myapp-eks-cluster": "shared"
            }
          },
          "sensitive_attributes": [],
          "private": "bnVsbA==",
          "dependencies": [
            "data.aws_availability_zones.azs",
            "module.quarklink-vpc.aws_eip.nat",
            "module.quarklink-vpc.aws_internet_gateway.this",
            "module.quarklink-vpc.aws_subnet.public",
            "module.quarklink-vpc.aws_vpc.this",
            "module.quarklink-vpc.aws_vpc_ipv4_cidr_block_association.this"
          ]
        }
      ]
    },
    {
      "module": "module.quarklink-vpc",
      "mode": "managed",
      "type": "aws_route",
      "name": "private_nat_gateway",
      "provider": "provider[\"registry.terraform.io/hashicorp/aws\"]",
      "instances": [
        {
          "index_key": 0,
          "schema_version": 0,
          "attributes": {
            "carrier_gateway_id": "",
            "destination_cidr_block": "0.0.0.0/0",
            "destination_ipv6_cidr_block": "",
            "destination_prefix_list_id": "",
            "egress_only_gateway_id": "",
            "gateway_id": "",
            "id": "r-rtb-048853cea2bb8d31d1080289494",
            "instance_id": "",
            "instance_owner_id": "",
            "local_gateway_id": "",
            "nat_gateway_id": "nat-07936f7ffe86ae5e8",
            "network_interface_id": "",
            "origin": "CreateRoute",
            "route_table_id": "rtb-048853cea2bb8d31d",
            "state": "active",
            "timeouts": {
              "create": "5m",
              "delete": null
            },
            "transit_gateway_id": "",
            "vpc_endpoint_id": "",
            "vpc_peering_connection_id": ""
          },
          "sensitive_attributes": [],
          "private": "eyJlMmJmYjczMC1lY2FhLTExZTYtOGY4OC0zNDM2M2JjN2M0YzAiOnsiY3JlYXRlIjozMDAwMDAwMDAwMDAsImRlbGV0ZSI6MzAwMDAwMDAwMDAwfX0=",
          "dependencies": [
            "data.aws_availability_zones.azs",
            "module.quarklink-vpc.aws_eip.nat",
            "module.quarklink-vpc.aws_internet_gateway.this",
            "module.quarklink-vpc.aws_nat_gateway.this",
            "module.quarklink-vpc.aws_route_table.private",
            "module.quarklink-vpc.aws_subnet.public",
            "module.quarklink-vpc.aws_vpc.this",
            "module.quarklink-vpc.aws_vpc_ipv4_cidr_block_association.this"
          ]
        }
      ]
    },
    {
      "module": "module.quarklink-vpc",
      "mode": "managed",
      "type": "aws_route",
      "name": "public_internet_gateway",
      "provider": "provider[\"registry.terraform.io/hashicorp/aws\"]",
      "instances": [
        {
          "index_key": 0,
          "schema_version": 0,
          "attributes": {
            "carrier_gateway_id": "",
            "destination_cidr_block": "0.0.0.0/0",
            "destination_ipv6_cidr_block": "",
            "destination_prefix_list_id": "",
            "egress_only_gateway_id": "",
            "gateway_id": "igw-077f46b9ae637cd7d",
            "id": "r-rtb-01f2f6422dcdfdcf41080289494",
            "instance_id": "",
            "instance_owner_id": "",
            "local_gateway_id": "",
            "nat_gateway_id": "",
            "network_interface_id": "",
            "origin": "CreateRoute",
            "route_table_id": "rtb-01f2f6422dcdfdcf4",
            "state": "active",
            "timeouts": {
              "create": "5m",
              "delete": null
            },
            "transit_gateway_id": "",
            "vpc_endpoint_id": "",
            "vpc_peering_connection_id": ""
          },
          "sensitive_attributes": [],
          "private": "eyJlMmJmYjczMC1lY2FhLTExZTYtOGY4OC0zNDM2M2JjN2M0YzAiOnsiY3JlYXRlIjozMDAwMDAwMDAwMDAsImRlbGV0ZSI6MzAwMDAwMDAwMDAwfX0=",
          "dependencies": [
            "module.quarklink-vpc.aws_internet_gateway.this",
            "module.quarklink-vpc.aws_route_table.public",
            "module.quarklink-vpc.aws_vpc.this",
            "module.quarklink-vpc.aws_vpc_ipv4_cidr_block_association.this"
          ]
        }
      ]
    },
    {
      "module": "module.quarklink-vpc",
      "mode": "managed",
      "type": "aws_route_table",
      "name": "private",
      "provider": "provider[\"registry.terraform.io/hashicorp/aws\"]",
      "instances": [
        {
          "index_key": 0,
          "schema_version": 0,
          "attributes": {
            "arn": "arn:aws:ec2:us-east-1:129432529795:route-table/rtb-048853cea2bb8d31d",
            "id": "rtb-048853cea2bb8d31d",
            "owner_id": "129432529795",
            "propagating_vgws": [],
            "route": [],
            "tags": {
              "Name": "quarklink-vpc-private",
              "kubernetes.io/cluster/myapp-eks-cluster": "shared"
            },
            "tags_all": {
              "Name": "quarklink-vpc-private",
              "kubernetes.io/cluster/myapp-eks-cluster": "shared"
            },
            "vpc_id": "vpc-042d9d8169115d20f"
          },
          "sensitive_attributes": [],
          "private": "bnVsbA==",
          "dependencies": [
            "data.aws_availability_zones.azs",
            "module.quarklink-vpc.aws_vpc.this",
            "module.quarklink-vpc.aws_vpc_ipv4_cidr_block_association.this"
          ]
        }
      ]
    },
    {
      "module": "module.quarklink-vpc",
      "mode": "managed",
      "type": "aws_route_table",
      "name": "public",
      "provider": "provider[\"registry.terraform.io/hashicorp/aws\"]",
      "instances": [
        {
          "index_key": 0,
          "schema_version": 0,
          "attributes": {
            "arn": "arn:aws:ec2:us-east-1:129432529795:route-table/rtb-01f2f6422dcdfdcf4",
            "id": "rtb-01f2f6422dcdfdcf4",
            "owner_id": "129432529795",
            "propagating_vgws": [],
            "route": [],
            "tags": {
              "Name": "quarklink-vpc-public",
              "kubernetes.io/cluster/myapp-eks-cluster": "shared"
            },
            "tags_all": {
              "Name": "quarklink-vpc-public",
              "kubernetes.io/cluster/myapp-eks-cluster": "shared"
            },
            "vpc_id": "vpc-042d9d8169115d20f"
          },
          "sensitive_attributes": [],
          "private": "bnVsbA==",
          "dependencies": [
            "module.quarklink-vpc.aws_vpc.this",
            "module.quarklink-vpc.aws_vpc_ipv4_cidr_block_association.this"
          ]
        }
      ]
    },
    {
      "module": "module.quarklink-vpc",
      "mode": "managed",
      "type": "aws_route_table_association",
      "name": "private",
      "provider": "provider[\"registry.terraform.io/hashicorp/aws\"]",
      "instances": [
        {
          "index_key": 0,
          "schema_version": 0,
          "attributes": {
            "gateway_id": "",
            "id": "rtbassoc-01d9c837afa5bdc83",
            "route_table_id": "rtb-048853cea2bb8d31d",
            "subnet_id": "subnet-038bcb34f085f366d"
          },
          "sensitive_attributes": [],
          "private": "bnVsbA==",
          "dependencies": [
            "data.aws_availability_zones.azs",
            "module.quarklink-vpc.aws_route_table.private",
            "module.quarklink-vpc.aws_subnet.private",
            "module.quarklink-vpc.aws_vpc.this",
            "module.quarklink-vpc.aws_vpc_ipv4_cidr_block_association.this"
          ]
        },
        {
          "index_key": 1,
          "schema_version": 0,
          "attributes": {
            "gateway_id": "",
            "id": "rtbassoc-04116fbb16bb20f28",
            "route_table_id": "rtb-048853cea2bb8d31d",
            "subnet_id": "subnet-00231a6c9bdfeb2f6"
          },
          "sensitive_attributes": [],
          "private": "bnVsbA==",
          "dependencies": [
            "data.aws_availability_zones.azs",
            "module.quarklink-vpc.aws_route_table.private",
            "module.quarklink-vpc.aws_subnet.private",
            "module.quarklink-vpc.aws_vpc.this",
            "module.quarklink-vpc.aws_vpc_ipv4_cidr_block_association.this"
          ]
        },
        {
          "index_key": 2,
          "schema_version": 0,
          "attributes": {
            "gateway_id": "",
            "id": "rtbassoc-0f6533d97494125f7",
            "route_table_id": "rtb-048853cea2bb8d31d",
            "subnet_id": "subnet-0f9e01cf7d34f5bf3"
          },
          "sensitive_attributes": [],
          "private": "bnVsbA==",
          "dependencies": [
            "data.aws_availability_zones.azs",
            "module.quarklink-vpc.aws_route_table.private",
            "module.quarklink-vpc.aws_subnet.private",
            "module.quarklink-vpc.aws_vpc.this",
            "module.quarklink-vpc.aws_vpc_ipv4_cidr_block_association.this"
          ]
        }
      ]
    },
    {
      "module": "module.quarklink-vpc",
      "mode": "managed",
      "type": "aws_route_table_association",
      "name": "public",
      "provider": "provider[\"registry.terraform.io/hashicorp/aws\"]",
      "instances": [
        {
          "index_key": 0,
          "schema_version": 0,
          "attributes": {
            "gateway_id": "",
            "id": "rtbassoc-0b3e9b3be6ac0c33f",
            "route_table_id": "rtb-01f2f6422dcdfdcf4",
            "subnet_id": "subnet-0ca4c5f49fb43f672"
          },
          "sensitive_attributes": [],
          "private": "bnVsbA==",
          "dependencies": [
            "data.aws_availability_zones.azs",
            "module.quarklink-vpc.aws_route_table.public",
            "module.quarklink-vpc.aws_subnet.public",
            "module.quarklink-vpc.aws_vpc.this",
            "module.quarklink-vpc.aws_vpc_ipv4_cidr_block_association.this"
          ]
        },
        {
          "index_key": 1,
          "schema_version": 0,
          "attributes": {
            "gateway_id": "",
            "id": "rtbassoc-0f7fc578695fb2e2f",
            "route_table_id": "rtb-01f2f6422dcdfdcf4",
            "subnet_id": "subnet-0a242a1009134e317"
          },
          "sensitive_attributes": [],
          "private": "bnVsbA==",
          "dependencies": [
            "data.aws_availability_zones.azs",
            "module.quarklink-vpc.aws_route_table.public",
            "module.quarklink-vpc.aws_subnet.public",
            "module.quarklink-vpc.aws_vpc.this",
            "module.quarklink-vpc.aws_vpc_ipv4_cidr_block_association.this"
          ]
        },
        {
          "index_key": 2,
          "schema_version": 0,
          "attributes": {
            "gateway_id": "",
            "id": "rtbassoc-0f61de1fc2601f161",
            "route_table_id": "rtb-01f2f6422dcdfdcf4",
            "subnet_id": "subnet-0cb5681a6a01795a1"
          },
          "sensitive_attributes": [],
          "private": "bnVsbA==",
          "dependencies": [
            "data.aws_availability_zones.azs",
            "module.quarklink-vpc.aws_route_table.public",
            "module.quarklink-vpc.aws_subnet.public",
            "module.quarklink-vpc.aws_vpc.this",
            "module.quarklink-vpc.aws_vpc_ipv4_cidr_block_association.this"
          ]
        }
      ]
    },
    {
      "module": "module.quarklink-vpc",
      "mode": "managed",
      "type": "aws_subnet",
      "name": "private",
      "provider": "provider[\"registry.terraform.io/hashicorp/aws\"]",
      "instances": [
        {
          "index_key": 0,
          "schema_version": 1,
          "attributes": {
            "arn": "arn:aws:ec2:us-east-1:129432529795:subnet/subnet-038bcb34f085f366d",
            "assign_ipv6_address_on_creation": false,
            "availability_zone": "us-east-1a",
            "availability_zone_id": "use1-az1",
            "cidr_block": "10.0.1.0/24",
            "customer_owned_ipv4_pool": "",
            "id": "subnet-038bcb34f085f366d",
            "ipv6_cidr_block": "",
            "ipv6_cidr_block_association_id": "",
            "map_customer_owned_ip_on_launch": false,
            "map_public_ip_on_launch": false,
            "outpost_arn": "",
            "owner_id": "129432529795",
            "tags": {
              "Name": "quarklink-vpc-private-us-east-1a",
              "kubernetes.io/cluster/myapp-eks-cluster": "shared",
              "kubernetes.io/role/internal-elb": "1"
            },
            "tags_all": {
              "Name": "quarklink-vpc-private-us-east-1a",
              "kubernetes.io/cluster/myapp-eks-cluster": "shared",
              "kubernetes.io/role/internal-elb": "1"
            },
            "timeouts": null,
            "vpc_id": "vpc-042d9d8169115d20f"
          },
          "sensitive_attributes": [],
          "private": "eyJlMmJmYjczMC1lY2FhLTExZTYtOGY4OC0zNDM2M2JjN2M0YzAiOnsiY3JlYXRlIjo2MDAwMDAwMDAwMDAsImRlbGV0ZSI6MTIwMDAwMDAwMDAwMH0sInNjaGVtYV92ZXJzaW9uIjoiMSJ9",
          "dependencies": [
            "data.aws_availability_zones.azs",
            "module.quarklink-vpc.aws_vpc.this",
            "module.quarklink-vpc.aws_vpc_ipv4_cidr_block_association.this"
          ],
          "create_before_destroy": true
        },
        {
          "index_key": 1,
          "schema_version": 1,
          "attributes": {
            "arn": "arn:aws:ec2:us-east-1:129432529795:subnet/subnet-00231a6c9bdfeb2f6",
            "assign_ipv6_address_on_creation": false,
            "availability_zone": "us-east-1b",
            "availability_zone_id": "use1-az2",
            "cidr_block": "10.0.2.0/24",
            "customer_owned_ipv4_pool": "",
            "id": "subnet-00231a6c9bdfeb2f6",
            "ipv6_cidr_block": "",
            "ipv6_cidr_block_association_id": "",
            "map_customer_owned_ip_on_launch": false,
            "map_public_ip_on_launch": false,
            "outpost_arn": "",
            "owner_id": "129432529795",
            "tags": {
              "Name": "quarklink-vpc-private-us-east-1b",
              "kubernetes.io/cluster/myapp-eks-cluster": "shared",
              "kubernetes.io/role/internal-elb": "1"
            },
            "tags_all": {
              "Name": "quarklink-vpc-private-us-east-1b",
              "kubernetes.io/cluster/myapp-eks-cluster": "shared",
              "kubernetes.io/role/internal-elb": "1"
            },
            "timeouts": null,
            "vpc_id": "vpc-042d9d8169115d20f"
          },
          "sensitive_attributes": [],
          "private": "eyJlMmJmYjczMC1lY2FhLTExZTYtOGY4OC0zNDM2M2JjN2M0YzAiOnsiY3JlYXRlIjo2MDAwMDAwMDAwMDAsImRlbGV0ZSI6MTIwMDAwMDAwMDAwMH0sInNjaGVtYV92ZXJzaW9uIjoiMSJ9",
          "dependencies": [
            "data.aws_availability_zones.azs",
            "module.quarklink-vpc.aws_vpc.this",
            "module.quarklink-vpc.aws_vpc_ipv4_cidr_block_association.this"
          ],
          "create_before_destroy": true
        },
        {
          "index_key": 2,
          "schema_version": 1,
          "attributes": {
            "arn": "arn:aws:ec2:us-east-1:129432529795:subnet/subnet-0f9e01cf7d34f5bf3",
            "assign_ipv6_address_on_creation": false,
            "availability_zone": "us-east-1c",
            "availability_zone_id": "use1-az4",
            "cidr_block": "10.0.3.0/24",
            "customer_owned_ipv4_pool": "",
            "id": "subnet-0f9e01cf7d34f5bf3",
            "ipv6_cidr_block": "",
            "ipv6_cidr_block_association_id": "",
            "map_customer_owned_ip_on_launch": false,
            "map_public_ip_on_launch": false,
            "outpost_arn": "",
            "owner_id": "129432529795",
            "tags": {
              "Name": "quarklink-vpc-private-us-east-1c",
              "kubernetes.io/cluster/myapp-eks-cluster": "shared",
              "kubernetes.io/role/internal-elb": "1"
            },
            "tags_all": {
              "Name": "quarklink-vpc-private-us-east-1c",
              "kubernetes.io/cluster/myapp-eks-cluster": "shared",
              "kubernetes.io/role/internal-elb": "1"
            },
            "timeouts": null,
            "vpc_id": "vpc-042d9d8169115d20f"
          },
          "sensitive_attributes": [],
          "private": "eyJlMmJmYjczMC1lY2FhLTExZTYtOGY4OC0zNDM2M2JjN2M0YzAiOnsiY3JlYXRlIjo2MDAwMDAwMDAwMDAsImRlbGV0ZSI6MTIwMDAwMDAwMDAwMH0sInNjaGVtYV92ZXJzaW9uIjoiMSJ9",
          "dependencies": [
            "data.aws_availability_zones.azs",
            "module.quarklink-vpc.aws_vpc.this",
            "module.quarklink-vpc.aws_vpc_ipv4_cidr_block_association.this"
          ],
          "create_before_destroy": true
        }
      ]
    },
    {
      "module": "module.quarklink-vpc",
      "mode": "managed",
      "type": "aws_subnet",
      "name": "public",
      "provider": "provider[\"registry.terraform.io/hashicorp/aws\"]",
      "instances": [
        {
          "index_key": 0,
          "schema_version": 1,
          "attributes": {
            "arn": "arn:aws:ec2:us-east-1:129432529795:subnet/subnet-0ca4c5f49fb43f672",
            "assign_ipv6_address_on_creation": false,
            "availability_zone": "us-east-1a",
            "availability_zone_id": "use1-az1",
            "cidr_block": "10.0.4.0/24",
            "customer_owned_ipv4_pool": "",
            "id": "subnet-0ca4c5f49fb43f672",
            "ipv6_cidr_block": "",
            "ipv6_cidr_block_association_id": "",
            "map_customer_owned_ip_on_launch": false,
            "map_public_ip_on_launch": true,
            "outpost_arn": "",
            "owner_id": "129432529795",
            "tags": {
              "Name": "quarklink-vpc-public-us-east-1a",
              "kubernetes.io/cluster/myapp-eks-cluster": "shared",
              "kubernetes.io/role/elb": "1"
            },
            "tags_all": {
              "Name": "quarklink-vpc-public-us-east-1a",
              "kubernetes.io/cluster/myapp-eks-cluster": "shared",
              "kubernetes.io/role/elb": "1"
            },
            "timeouts": null,
            "vpc_id": "vpc-042d9d8169115d20f"
          },
          "sensitive_attributes": [],
          "private": "eyJlMmJmYjczMC1lY2FhLTExZTYtOGY4OC0zNDM2M2JjN2M0YzAiOnsiY3JlYXRlIjo2MDAwMDAwMDAwMDAsImRlbGV0ZSI6MTIwMDAwMDAwMDAwMH0sInNjaGVtYV92ZXJzaW9uIjoiMSJ9",
          "dependencies": [
            "data.aws_availability_zones.azs",
            "module.quarklink-vpc.aws_vpc.this",
            "module.quarklink-vpc.aws_vpc_ipv4_cidr_block_association.this"
          ]
        },
        {
          "index_key": 1,
          "schema_version": 1,
          "attributes": {
            "arn": "arn:aws:ec2:us-east-1:129432529795:subnet/subnet-0a242a1009134e317",
            "assign_ipv6_address_on_creation": false,
            "availability_zone": "us-east-1b",
            "availability_zone_id": "use1-az2",
            "cidr_block": "10.0.5.0/24",
            "customer_owned_ipv4_pool": "",
            "id": "subnet-0a242a1009134e317",
            "ipv6_cidr_block": "",
            "ipv6_cidr_block_association_id": "",
            "map_customer_owned_ip_on_launch": false,
            "map_public_ip_on_launch": true,
            "outpost_arn": "",
            "owner_id": "129432529795",
            "tags": {
              "Name": "quarklink-vpc-public-us-east-1b",
              "kubernetes.io/cluster/myapp-eks-cluster": "shared",
              "kubernetes.io/role/elb": "1"
            },
            "tags_all": {
              "Name": "quarklink-vpc-public-us-east-1b",
              "kubernetes.io/cluster/myapp-eks-cluster": "shared",
              "kubernetes.io/role/elb": "1"
            },
            "timeouts": null,
            "vpc_id": "vpc-042d9d8169115d20f"
          },
          "sensitive_attributes": [],
          "private": "eyJlMmJmYjczMC1lY2FhLTExZTYtOGY4OC0zNDM2M2JjN2M0YzAiOnsiY3JlYXRlIjo2MDAwMDAwMDAwMDAsImRlbGV0ZSI6MTIwMDAwMDAwMDAwMH0sInNjaGVtYV92ZXJzaW9uIjoiMSJ9",
          "dependencies": [
            "data.aws_availability_zones.azs",
            "module.quarklink-vpc.aws_vpc.this",
            "module.quarklink-vpc.aws_vpc_ipv4_cidr_block_association.this"
          ]
        },
        {
          "index_key": 2,
          "schema_version": 1,
          "attributes": {
            "arn": "arn:aws:ec2:us-east-1:129432529795:subnet/subnet-0cb5681a6a01795a1",
            "assign_ipv6_address_on_creation": false,
            "availability_zone": "us-east-1c",
            "availability_zone_id": "use1-az4",
            "cidr_block": "10.0.6.0/24",
            "customer_owned_ipv4_pool": "",
            "id": "subnet-0cb5681a6a01795a1",
            "ipv6_cidr_block": "",
            "ipv6_cidr_block_association_id": "",
            "map_customer_owned_ip_on_launch": false,
            "map_public_ip_on_launch": true,
            "outpost_arn": "",
            "owner_id": "129432529795",
            "tags": {
              "Name": "quarklink-vpc-public-us-east-1c",
              "kubernetes.io/cluster/myapp-eks-cluster": "shared",
              "kubernetes.io/role/elb": "1"
            },
            "tags_all": {
              "Name": "quarklink-vpc-public-us-east-1c",
              "kubernetes.io/cluster/myapp-eks-cluster": "shared",
              "kubernetes.io/role/elb": "1"
            },
            "timeouts": null,
            "vpc_id": "vpc-042d9d8169115d20f"
          },
          "sensitive_attributes": [],
          "private": "eyJlMmJmYjczMC1lY2FhLTExZTYtOGY4OC0zNDM2M2JjN2M0YzAiOnsiY3JlYXRlIjo2MDAwMDAwMDAwMDAsImRlbGV0ZSI6MTIwMDAwMDAwMDAwMH0sInNjaGVtYV92ZXJzaW9uIjoiMSJ9",
          "dependencies": [
            "data.aws_availability_zones.azs",
            "module.quarklink-vpc.aws_vpc.this",
            "module.quarklink-vpc.aws_vpc_ipv4_cidr_block_association.this"
          ]
        }
      ]
    },
    {
      "module": "module.quarklink-vpc",
      "mode": "managed",
      "type": "aws_vpc",
      "name": "this",
      "provider": "provider[\"registry.terraform.io/hashicorp/aws\"]",
      "instances": [
        {
          "index_key": 0,
          "schema_version": 1,
          "attributes": {
            "arn": "arn:aws:ec2:us-east-1:129432529795:vpc/vpc-042d9d8169115d20f",
            "assign_generated_ipv6_cidr_block": false,
            "cidr_block": "10.0.0.0/16",
            "default_network_acl_id": "acl-05c35925dbb23412b",
            "default_route_table_id": "rtb-00182fff97d9f6edb",
            "default_security_group_id": "sg-0606f62cd36263cf5",
            "dhcp_options_id": "dopt-01169e79e49263ff9",
            "enable_classiclink": false,
            "enable_classiclink_dns_support": false,
            "enable_dns_hostnames": true,
            "enable_dns_support": true,
            "id": "vpc-042d9d8169115d20f",
            "instance_tenancy": "default",
            "ipv6_association_id": "",
            "ipv6_cidr_block": "",
            "main_route_table_id": "rtb-00182fff97d9f6edb",
            "owner_id": "129432529795",
            "tags": {
              "Name": "quarklink-vpc",
              "kubernetes.io/cluster/myapp-eks-cluster": "shared"
            },
            "tags_all": {
              "Name": "quarklink-vpc",
              "kubernetes.io/cluster/myapp-eks-cluster": "shared"
            }
          },
          "sensitive_attributes": [],
          "private": "eyJzY2hlbWFfdmVyc2lvbiI6IjEifQ==",
          "create_before_destroy": true
        }
      ]
    }
  ]
}
